PODS:
  - AFNetworking (2.6.3):
    - AFNetworking/NSURLConnection (= 2.6.3)
    - AFNetworking/NSURLSession (= 2.6.3)
    - AFNetworking/Reachability (= 2.6.3)
    - AFNetworking/Security (= 2.6.3)
    - AFNetworking/Serialization (= 2.6.3)
    - AFNetworking/UIKit (= 2.6.3)
  - AFNetworking/NSURLConnection (2.6.3):
    - AFNetworking/Reachability
    - AFNetworking/Security
    - AFNetworking/Serialization
  - AFNetworking/NSURLSession (2.6.3):
    - AFNetworking/Reachability
    - AFNetworking/Security
    - AFNetworking/Serialization
  - AFNetworking/Reachability (2.6.3)
  - AFNetworking/Security (2.6.3)
  - AFNetworking/Serialization (2.6.3)
  - AFNetworking/UIKit (2.6.3):
    - AFNetworking/NSURLConnection
    - AFNetworking/NSURLSession
  - JRSwizzle (1.0)
  - MarqueeLabel (3.0.1):
    - MarqueeLabel/ObjC (= 3.0.1)
  - MarqueeLabel/ObjC (3.0.1)
  - TLYShyNavBar (1.1.1)

DEPENDENCIES:
  - AFNetworking (~> 2.0)
  - JRSwizzle
  - MarqueeLabel
  - TLYShyNavBar

SPEC CHECKSUMS:
  AFNetworking: cb8d14a848e831097108418f5d49217339d4eb60
  JRSwizzle: dd5ead5d913a0f29e7f558200165849f006bb1e3
  MarqueeLabel: 80ba85d2b76a9f5fa6c13de337db80bcd94feb1d
  TLYShyNavBar: d200e598923fbc2bd21a5c5efdfabf4898b11da0

PODFILE CHECKSUM: 0ff5f8fc2c0a83afced5d60373d5ab19ae95ab3b

COCOAPODS: 1.2.0
