// !$*UTF8*$!
{
	archiveVersion = 1;
	classes = {
	};
	objectVersion = 46;
	objects = {

/* Begin PBXBuildFile section */
		9A0D18EE194FA22B00DE613F /* GTMGatherInputStream.m in Sources */ = {isa = PBXBuildFile; fileRef = 9A0D1896194FA22B00DE613F /* GTMGatherInputStream.m */; };
		9A0D18EF194FA22B00DE613F /* GTMHTTPFetcher.m in Sources */ = {isa = PBXBuildFile; fileRef = 9A0D1898194FA22B00DE613F /* GTMHTTPFetcher.m */; };
		9A0D18F0194FA22B00DE613F /* GTMHTTPFetcherLogging.m in Sources */ = {isa = PBXBuildFile; fileRef = 9A0D189D194FA22B00DE613F /* GTMHTTPFetcherLogging.m */; };
		9A0D18F1194FA22B00DE613F /* GTMHTTPFetcherLogViewController.m in Sources */ = {isa = PBXBuildFile; fileRef = 9A0D189F194FA22B00DE613F /* GTMHTTPFetcherLogViewController.m */; };
		9A0D18F2194FA22B00DE613F /* GTMHTTPFetcherService.m in Sources */ = {isa = PBXBuildFile; fileRef = 9A0D18A1194FA22B00DE613F /* GTMHTTPFetcherService.m */; };
		9A0D18F3194FA22B00DE613F /* GTMHTTPFetchHistory.m in Sources */ = {isa = PBXBuildFile; fileRef = 9A0D18A3194FA22B00DE613F /* GTMHTTPFetchHistory.m */; };
		9A0D18F4194FA22B00DE613F /* GTMHTTPUploadFetcher.m in Sources */ = {isa = PBXBuildFile; fileRef = 9A0D18A5194FA22B00DE613F /* GTMHTTPUploadFetcher.m */; };
		9A0D18F5194FA22B00DE613F /* GTMMIMEDocument.m in Sources */ = {isa = PBXBuildFile; fileRef = 9A0D18A7194FA22B00DE613F /* GTMMIMEDocument.m */; };
		9A0D18F6194FA22B00DE613F /* GTMReadMonitorInputStream.m in Sources */ = {isa = PBXBuildFile; fileRef = 9A0D18A9194FA22B00DE613F /* GTMReadMonitorInputStream.m */; };
		9A0D18FD194FA22B00DE613F /* GTMHTTPServer.m in Sources */ = {isa = PBXBuildFile; fileRef = 9A0D18B6194FA22B00DE613F /* GTMHTTPServer.m */; };
		9A0D1908194FA64700DE613F /* GTMGatherInputStream.h in Headers */ = {isa = PBXBuildFile; fileRef = 9A0D1895194FA22B00DE613F /* GTMGatherInputStream.h */; settings = {ATTRIBUTES = (Public, ); }; };
		9A0D190A194FA64700DE613F /* GTMHTTPFetcher.h in Headers */ = {isa = PBXBuildFile; fileRef = 9A0D1897194FA22B00DE613F /* GTMHTTPFetcher.h */; settings = {ATTRIBUTES = (Public, ); }; };
		9A0D190C194FA64700DE613F /* GTMHTTPFetcherLogging.h in Headers */ = {isa = PBXBuildFile; fileRef = 9A0D189C194FA22B00DE613F /* GTMHTTPFetcherLogging.h */; settings = {ATTRIBUTES = (Public, ); }; };
		9A0D190E194FA64700DE613F /* GTMHTTPFetcherLogViewController.h in Headers */ = {isa = PBXBuildFile; fileRef = 9A0D189E194FA22B00DE613F /* GTMHTTPFetcherLogViewController.h */; settings = {ATTRIBUTES = (Public, ); }; };
		9A0D1910194FA64700DE613F /* GTMHTTPFetcherService.h in Headers */ = {isa = PBXBuildFile; fileRef = 9A0D18A0194FA22B00DE613F /* GTMHTTPFetcherService.h */; settings = {ATTRIBUTES = (Public, ); }; };
		9A0D1912194FA64700DE613F /* GTMHTTPFetchHistory.h in Headers */ = {isa = PBXBuildFile; fileRef = 9A0D18A2194FA22B00DE613F /* GTMHTTPFetchHistory.h */; settings = {ATTRIBUTES = (Public, ); }; };
		9A0D1914194FA64700DE613F /* GTMHTTPUploadFetcher.h in Headers */ = {isa = PBXBuildFile; fileRef = 9A0D18A4194FA22B00DE613F /* GTMHTTPUploadFetcher.h */; settings = {ATTRIBUTES = (Public, ); }; };
		9A0D1916194FA64700DE613F /* GTMMIMEDocument.h in Headers */ = {isa = PBXBuildFile; fileRef = 9A0D18A6194FA22B00DE613F /* GTMMIMEDocument.h */; settings = {ATTRIBUTES = (Public, ); }; };
		9A0D1918194FA64700DE613F /* GTMReadMonitorInputStream.h in Headers */ = {isa = PBXBuildFile; fileRef = 9A0D18A8194FA22B00DE613F /* GTMReadMonitorInputStream.h */; settings = {ATTRIBUTES = (Public, ); }; };
		9A0D1928194FA64800DE613F /* GTLDefines.h in Headers */ = {isa = PBXBuildFile; fileRef = 9AACCEB01941283F00257408 /* GTLDefines.h */; settings = {ATTRIBUTES = (Public, ); }; };
		9A0D1929194FA64800DE613F /* GTLClientLoginAuthentication.h in Headers */ = {isa = PBXBuildFile; fileRef = 9AACCDCE1941278D00257408 /* GTLClientLoginAuthentication.h */; settings = {ATTRIBUTES = (Public, ); }; };
		9A0D192B194FA64800DE613F /* GTMOAuth2Authentication.h in Headers */ = {isa = PBXBuildFile; fileRef = 9AACCDD41941278D00257408 /* GTMOAuth2Authentication.h */; settings = {ATTRIBUTES = (Public, ); }; };
		9A0D192D194FA64800DE613F /* GTMOAuth2SignIn.h in Headers */ = {isa = PBXBuildFile; fileRef = 9AACCDD61941278D00257408 /* GTMOAuth2SignIn.h */; settings = {ATTRIBUTES = (Public, ); }; };
		9A0D1930194FA64800DE613F /* GTMOAuth2ViewControllerTouch.h in Headers */ = {isa = PBXBuildFile; fileRef = 9AACCDDF1941278D00257408 /* GTMOAuth2ViewControllerTouch.h */; settings = {ATTRIBUTES = (Public, ); }; };
		9A0D1933194FA64800DE613F /* GTLBatchQuery.h in Headers */ = {isa = PBXBuildFile; fileRef = 9AACCDE31941278D00257408 /* GTLBatchQuery.h */; settings = {ATTRIBUTES = (Public, ); }; };
		9A0D1935194FA64900DE613F /* GTLBatchResult.h in Headers */ = {isa = PBXBuildFile; fileRef = 9AACCDE51941278D00257408 /* GTLBatchResult.h */; settings = {ATTRIBUTES = (Public, ); }; };
		9A0D1937194FA64900DE613F /* GTLDateTime.h in Headers */ = {isa = PBXBuildFile; fileRef = 9AACCDE71941278D00257408 /* GTLDateTime.h */; settings = {ATTRIBUTES = (Public, ); }; };
		9A0D1939194FA64900DE613F /* GTLErrorObject.h in Headers */ = {isa = PBXBuildFile; fileRef = 9AACCDE91941278D00257408 /* GTLErrorObject.h */; settings = {ATTRIBUTES = (Public, ); }; };
		9A0D193B194FA64900DE613F /* GTLObject.h in Headers */ = {isa = PBXBuildFile; fileRef = 9AACCDEB1941278D00257408 /* GTLObject.h */; settings = {ATTRIBUTES = (Public, ); }; };
		9A0D193D194FA64900DE613F /* GTLQuery.h in Headers */ = {isa = PBXBuildFile; fileRef = 9AACCDED1941278D00257408 /* GTLQuery.h */; settings = {ATTRIBUTES = (Public, ); }; };
		9A0D193F194FA64900DE613F /* GTLRuntimeCommon.h in Headers */ = {isa = PBXBuildFile; fileRef = 9AACCDEF1941278D00257408 /* GTLRuntimeCommon.h */; settings = {ATTRIBUTES = (Public, ); }; };
		9A0D1941194FA64900DE613F /* GTLService.h in Headers */ = {isa = PBXBuildFile; fileRef = 9AACCDF11941278D00257408 /* GTLService.h */; settings = {ATTRIBUTES = (Public, ); }; };
		9A0D1943194FA64A00DE613F /* GTLUploadParameters.h in Headers */ = {isa = PBXBuildFile; fileRef = 9AACCDF31941278D00257408 /* GTLUploadParameters.h */; settings = {ATTRIBUTES = (Public, ); }; };
		9A0D1945194FA64A00DE613F /* GTLBlogger.h in Headers */ = {isa = PBXBuildFile; fileRef = 9AACCDF61941278D00257408 /* GTLBlogger.h */; settings = {ATTRIBUTES = (Public, ); }; };
		9A0D1946194FA64A00DE613F /* GTLBloggerBlog.h in Headers */ = {isa = PBXBuildFile; fileRef = 9AACCDF71941278D00257408 /* GTLBloggerBlog.h */; settings = {ATTRIBUTES = (Public, ); }; };
		9A0D1948194FA64A00DE613F /* GTLBloggerBlogList.h in Headers */ = {isa = PBXBuildFile; fileRef = 9AACCDF91941278D00257408 /* GTLBloggerBlogList.h */; settings = {ATTRIBUTES = (Public, ); }; };
		9A0D194A194FA64A00DE613F /* GTLBloggerBlogPerUserInfo.h in Headers */ = {isa = PBXBuildFile; fileRef = 9AACCDFB1941278D00257408 /* GTLBloggerBlogPerUserInfo.h */; settings = {ATTRIBUTES = (Public, ); }; };
		9A0D194C194FA64A00DE613F /* GTLBloggerBlogUserInfo.h in Headers */ = {isa = PBXBuildFile; fileRef = 9AACCDFD1941278D00257408 /* GTLBloggerBlogUserInfo.h */; settings = {ATTRIBUTES = (Public, ); }; };
		9A0D194E194FA64A00DE613F /* GTLBloggerComment.h in Headers */ = {isa = PBXBuildFile; fileRef = 9AACCDFF1941278D00257408 /* GTLBloggerComment.h */; settings = {ATTRIBUTES = (Public, ); }; };
		9A0D1950194FA64B00DE613F /* GTLBloggerCommentList.h in Headers */ = {isa = PBXBuildFile; fileRef = 9AACCE011941278D00257408 /* GTLBloggerCommentList.h */; settings = {ATTRIBUTES = (Public, ); }; };
		9A0D1952194FA64B00DE613F /* GTLBloggerConstants.h in Headers */ = {isa = PBXBuildFile; fileRef = 9AACCE031941278D00257408 /* GTLBloggerConstants.h */; settings = {ATTRIBUTES = (Public, ); }; };
		9A0D1954194FA64B00DE613F /* GTLBloggerPage.h in Headers */ = {isa = PBXBuildFile; fileRef = 9AACCE051941278D00257408 /* GTLBloggerPage.h */; settings = {ATTRIBUTES = (Public, ); }; };
		9A0D1956194FA64B00DE613F /* GTLBloggerPageList.h in Headers */ = {isa = PBXBuildFile; fileRef = 9AACCE071941278D00257408 /* GTLBloggerPageList.h */; settings = {ATTRIBUTES = (Public, ); }; };
		9A0D1958194FA64B00DE613F /* GTLBloggerPageviews.h in Headers */ = {isa = PBXBuildFile; fileRef = 9AACCE091941278D00257408 /* GTLBloggerPageviews.h */; settings = {ATTRIBUTES = (Public, ); }; };
		9A0D195A194FA64C00DE613F /* GTLBloggerPost.h in Headers */ = {isa = PBXBuildFile; fileRef = 9AACCE0B1941278D00257408 /* GTLBloggerPost.h */; settings = {ATTRIBUTES = (Public, ); }; };
		9A0D195C194FA64C00DE613F /* GTLBloggerPostList.h in Headers */ = {isa = PBXBuildFile; fileRef = 9AACCE0D1941278D00257408 /* GTLBloggerPostList.h */; settings = {ATTRIBUTES = (Public, ); }; };
		9A0D195E194FA64C00DE613F /* GTLBloggerPostPerUserInfo.h in Headers */ = {isa = PBXBuildFile; fileRef = 9AACCE0F1941278D00257408 /* GTLBloggerPostPerUserInfo.h */; settings = {ATTRIBUTES = (Public, ); }; };
		9A0D1960194FA64C00DE613F /* GTLBloggerPostUserInfo.h in Headers */ = {isa = PBXBuildFile; fileRef = 9AACCE111941278D00257408 /* GTLBloggerPostUserInfo.h */; settings = {ATTRIBUTES = (Public, ); }; };
		9A0D1962194FA64C00DE613F /* GTLBloggerPostUserInfosList.h in Headers */ = {isa = PBXBuildFile; fileRef = 9AACCE131941278D00257408 /* GTLBloggerPostUserInfosList.h */; settings = {ATTRIBUTES = (Public, ); }; };
		9A0D1964194FA64D00DE613F /* GTLBloggerUser.h in Headers */ = {isa = PBXBuildFile; fileRef = 9AACCE151941278D00257408 /* GTLBloggerUser.h */; settings = {ATTRIBUTES = (Public, ); }; };
		9A0D1966194FA64D00DE613F /* GTLQueryBlogger.h in Headers */ = {isa = PBXBuildFile; fileRef = 9AACCE171941278D00257408 /* GTLQueryBlogger.h */; settings = {ATTRIBUTES = (Public, ); }; };
		9A0D1968194FA64D00DE613F /* GTLServiceBlogger.h in Headers */ = {isa = PBXBuildFile; fileRef = 9AACCE191941278D00257408 /* GTLServiceBlogger.h */; settings = {ATTRIBUTES = (Public, ); }; };
		9A0D196A194FA64D00DE613F /* GTLBase64.h in Headers */ = {isa = PBXBuildFile; fileRef = 9AACCE1C1941278D00257408 /* GTLBase64.h */; settings = {ATTRIBUTES = (Public, ); }; };
		9A0D196C194FA64E00DE613F /* GTLFramework.h in Headers */ = {isa = PBXBuildFile; fileRef = 9AACCE1E1941278D00257408 /* GTLFramework.h */; settings = {ATTRIBUTES = (Public, ); }; };
		9A0D196E194FA64E00DE613F /* GTLJSONParser.h in Headers */ = {isa = PBXBuildFile; fileRef = 9AACCE201941278D00257408 /* GTLJSONParser.h */; settings = {ATTRIBUTES = (Public, ); }; };
		9A0D1970194FA64E00DE613F /* GTLTargetNamespace.h in Headers */ = {isa = PBXBuildFile; fileRef = 9AACCE221941278D00257408 /* GTLTargetNamespace.h */; settings = {ATTRIBUTES = (Public, ); }; };
		9A0D1971194FA64E00DE613F /* GTLUtilities.h in Headers */ = {isa = PBXBuildFile; fileRef = 9AACCE231941278D00257408 /* GTLUtilities.h */; settings = {ATTRIBUTES = (Public, ); }; };
		9A0D1973194FA64F00DE613F /* GoogleBlogger.h in Headers */ = {isa = PBXBuildFile; fileRef = 9AACCD8F194126D300257408 /* GoogleBlogger.h */; settings = {ATTRIBUTES = (Public, ); }; };
		9A0D1977194FA64F00DE613F /* GoogleBlogger1.h in Headers */ = {isa = PBXBuildFile; fileRef = 9A63E36519424FC30093907E /* GoogleBlogger1.h */; settings = {ATTRIBUTES = (Public, ); }; };
		9A63E36619424FC30093907E /* GoogleBlogger1.h in CopyFiles */ = {isa = PBXBuildFile; fileRef = 9A63E36519424FC30093907E /* GoogleBlogger1.h */; };
		9A63E36E19424FC30093907E /* libGoogleBlogger.a in Frameworks */ = {isa = PBXBuildFile; fileRef = 9A63E36319424FC30093907E /* libGoogleBlogger.a */; };
		9A63E37A194250360093907E /* GTLDefines.h in Sources */ = {isa = PBXBuildFile; fileRef = 9AACCEB01941283F00257408 /* GTLDefines.h */; };
		9A63E39C194250360093907E /* GTLClientLoginAuthentication.h in Sources */ = {isa = PBXBuildFile; fileRef = 9AACCDCE1941278D00257408 /* GTLClientLoginAuthentication.h */; };
		9A63E39D194250360093907E /* GTLClientLoginAuthentication.m in Sources */ = {isa = PBXBuildFile; fileRef = 9AACCDCF1941278D00257408 /* GTLClientLoginAuthentication.m */; };
		9A63E39E194250360093907E /* GTMOAuth2Authentication.h in Sources */ = {isa = PBXBuildFile; fileRef = 9AACCDD41941278D00257408 /* GTMOAuth2Authentication.h */; };
		9A63E39F194250360093907E /* GTMOAuth2Authentication.m in Sources */ = {isa = PBXBuildFile; fileRef = 9AACCDD51941278D00257408 /* GTMOAuth2Authentication.m */; };
		9A63E3A0194250360093907E /* GTMOAuth2SignIn.h in Sources */ = {isa = PBXBuildFile; fileRef = 9AACCDD61941278D00257408 /* GTMOAuth2SignIn.h */; };
		9A63E3A1194250360093907E /* GTMOAuth2SignIn.m in Sources */ = {isa = PBXBuildFile; fileRef = 9AACCDD71941278D00257408 /* GTMOAuth2SignIn.m */; };
		9A63E3A6194250360093907E /* ReleaseNotes.txt in Sources */ = {isa = PBXBuildFile; fileRef = 9AACCDDD1941278D00257408 /* ReleaseNotes.txt */; };
		9A63E3A7194250360093907E /* GTMOAuth2ViewControllerTouch.h in Sources */ = {isa = PBXBuildFile; fileRef = 9AACCDDF1941278D00257408 /* GTMOAuth2ViewControllerTouch.h */; };
		9A63E3A8194250360093907E /* GTMOAuth2ViewControllerTouch.m in Sources */ = {isa = PBXBuildFile; fileRef = 9AACCDE01941278D00257408 /* GTMOAuth2ViewControllerTouch.m */; };
		9A63E3AA194250360093907E /* GTLBatchQuery.h in Sources */ = {isa = PBXBuildFile; fileRef = 9AACCDE31941278D00257408 /* GTLBatchQuery.h */; };
		9A63E3AB194250360093907E /* GTLBatchQuery.m in Sources */ = {isa = PBXBuildFile; fileRef = 9AACCDE41941278D00257408 /* GTLBatchQuery.m */; };
		9A63E3AC194250360093907E /* GTLBatchResult.h in Sources */ = {isa = PBXBuildFile; fileRef = 9AACCDE51941278D00257408 /* GTLBatchResult.h */; };
		9A63E3AD194250360093907E /* GTLBatchResult.m in Sources */ = {isa = PBXBuildFile; fileRef = 9AACCDE61941278D00257408 /* GTLBatchResult.m */; };
		9A63E3AE194250360093907E /* GTLDateTime.h in Sources */ = {isa = PBXBuildFile; fileRef = 9AACCDE71941278D00257408 /* GTLDateTime.h */; };
		9A63E3AF194250360093907E /* GTLDateTime.m in Sources */ = {isa = PBXBuildFile; fileRef = 9AACCDE81941278D00257408 /* GTLDateTime.m */; };
		9A63E3B0194250360093907E /* GTLErrorObject.h in Sources */ = {isa = PBXBuildFile; fileRef = 9AACCDE91941278D00257408 /* GTLErrorObject.h */; };
		9A63E3B1194250360093907E /* GTLErrorObject.m in Sources */ = {isa = PBXBuildFile; fileRef = 9AACCDEA1941278D00257408 /* GTLErrorObject.m */; };
		9A63E3B2194250360093907E /* GTLObject.h in Sources */ = {isa = PBXBuildFile; fileRef = 9AACCDEB1941278D00257408 /* GTLObject.h */; };
		9A63E3B3194250360093907E /* GTLObject.m in Sources */ = {isa = PBXBuildFile; fileRef = 9AACCDEC1941278D00257408 /* GTLObject.m */; };
		9A63E3B4194250360093907E /* GTLQuery.h in Sources */ = {isa = PBXBuildFile; fileRef = 9AACCDED1941278D00257408 /* GTLQuery.h */; };
		9A63E3B5194250360093907E /* GTLQuery.m in Sources */ = {isa = PBXBuildFile; fileRef = 9AACCDEE1941278D00257408 /* GTLQuery.m */; };
		9A63E3B6194250360093907E /* GTLRuntimeCommon.h in Sources */ = {isa = PBXBuildFile; fileRef = 9AACCDEF1941278D00257408 /* GTLRuntimeCommon.h */; };
		9A63E3B7194250360093907E /* GTLRuntimeCommon.m in Sources */ = {isa = PBXBuildFile; fileRef = 9AACCDF01941278D00257408 /* GTLRuntimeCommon.m */; };
		9A63E3B8194250360093907E /* GTLService.h in Sources */ = {isa = PBXBuildFile; fileRef = 9AACCDF11941278D00257408 /* GTLService.h */; };
		9A63E3B9194250360093907E /* GTLService.m in Sources */ = {isa = PBXBuildFile; fileRef = 9AACCDF21941278D00257408 /* GTLService.m */; };
		9A63E3BA194250360093907E /* GTLUploadParameters.h in Sources */ = {isa = PBXBuildFile; fileRef = 9AACCDF31941278D00257408 /* GTLUploadParameters.h */; };
		9A63E3BB194250360093907E /* GTLUploadParameters.m in Sources */ = {isa = PBXBuildFile; fileRef = 9AACCDF41941278D00257408 /* GTLUploadParameters.m */; };
		9A63E3BC194250360093907E /* GTLBlogger.h in Sources */ = {isa = PBXBuildFile; fileRef = 9AACCDF61941278D00257408 /* GTLBlogger.h */; };
		9A63E3BD194250360093907E /* GTLBloggerBlog.h in Sources */ = {isa = PBXBuildFile; fileRef = 9AACCDF71941278D00257408 /* GTLBloggerBlog.h */; };
		9A63E3BE194250360093907E /* GTLBloggerBlog.m in Sources */ = {isa = PBXBuildFile; fileRef = 9AACCDF81941278D00257408 /* GTLBloggerBlog.m */; };
		9A63E3BF194250360093907E /* GTLBloggerBlogList.h in Sources */ = {isa = PBXBuildFile; fileRef = 9AACCDF91941278D00257408 /* GTLBloggerBlogList.h */; };
		9A63E3C0194250360093907E /* GTLBloggerBlogList.m in Sources */ = {isa = PBXBuildFile; fileRef = 9AACCDFA1941278D00257408 /* GTLBloggerBlogList.m */; };
		9A63E3C1194250360093907E /* GTLBloggerBlogPerUserInfo.h in Sources */ = {isa = PBXBuildFile; fileRef = 9AACCDFB1941278D00257408 /* GTLBloggerBlogPerUserInfo.h */; };
		9A63E3C2194250360093907E /* GTLBloggerBlogPerUserInfo.m in Sources */ = {isa = PBXBuildFile; fileRef = 9AACCDFC1941278D00257408 /* GTLBloggerBlogPerUserInfo.m */; };
		9A63E3C3194250360093907E /* GTLBloggerBlogUserInfo.h in Sources */ = {isa = PBXBuildFile; fileRef = 9AACCDFD1941278D00257408 /* GTLBloggerBlogUserInfo.h */; };
		9A63E3C4194250360093907E /* GTLBloggerBlogUserInfo.m in Sources */ = {isa = PBXBuildFile; fileRef = 9AACCDFE1941278D00257408 /* GTLBloggerBlogUserInfo.m */; };
		9A63E3C5194250360093907E /* GTLBloggerComment.h in Sources */ = {isa = PBXBuildFile; fileRef = 9AACCDFF1941278D00257408 /* GTLBloggerComment.h */; };
		9A63E3C6194250360093907E /* GTLBloggerComment.m in Sources */ = {isa = PBXBuildFile; fileRef = 9AACCE001941278D00257408 /* GTLBloggerComment.m */; };
		9A63E3C7194250360093907E /* GTLBloggerCommentList.h in Sources */ = {isa = PBXBuildFile; fileRef = 9AACCE011941278D00257408 /* GTLBloggerCommentList.h */; };
		9A63E3C8194250360093907E /* GTLBloggerCommentList.m in Sources */ = {isa = PBXBuildFile; fileRef = 9AACCE021941278D00257408 /* GTLBloggerCommentList.m */; };
		9A63E3C9194250360093907E /* GTLBloggerConstants.h in Sources */ = {isa = PBXBuildFile; fileRef = 9AACCE031941278D00257408 /* GTLBloggerConstants.h */; };
		9A63E3CA194250360093907E /* GTLBloggerConstants.m in Sources */ = {isa = PBXBuildFile; fileRef = 9AACCE041941278D00257408 /* GTLBloggerConstants.m */; };
		9A63E3CB194250360093907E /* GTLBloggerPage.h in Sources */ = {isa = PBXBuildFile; fileRef = 9AACCE051941278D00257408 /* GTLBloggerPage.h */; };
		9A63E3CC194250360093907E /* GTLBloggerPage.m in Sources */ = {isa = PBXBuildFile; fileRef = 9AACCE061941278D00257408 /* GTLBloggerPage.m */; };
		9A63E3CD194250360093907E /* GTLBloggerPageList.h in Sources */ = {isa = PBXBuildFile; fileRef = 9AACCE071941278D00257408 /* GTLBloggerPageList.h */; };
		9A63E3CE194250360093907E /* GTLBloggerPageList.m in Sources */ = {isa = PBXBuildFile; fileRef = 9AACCE081941278D00257408 /* GTLBloggerPageList.m */; };
		9A63E3CF194250360093907E /* GTLBloggerPageviews.h in Sources */ = {isa = PBXBuildFile; fileRef = 9AACCE091941278D00257408 /* GTLBloggerPageviews.h */; };
		9A63E3D0194250360093907E /* GTLBloggerPageviews.m in Sources */ = {isa = PBXBuildFile; fileRef = 9AACCE0A1941278D00257408 /* GTLBloggerPageviews.m */; };
		9A63E3D1194250360093907E /* GTLBloggerPost.h in Sources */ = {isa = PBXBuildFile; fileRef = 9AACCE0B1941278D00257408 /* GTLBloggerPost.h */; };
		9A63E3D2194250360093907E /* GTLBloggerPost.m in Sources */ = {isa = PBXBuildFile; fileRef = 9AACCE0C1941278D00257408 /* GTLBloggerPost.m */; };
		9A63E3D3194250360093907E /* GTLBloggerPostList.h in Sources */ = {isa = PBXBuildFile; fileRef = 9AACCE0D1941278D00257408 /* GTLBloggerPostList.h */; };
		9A63E3D4194250360093907E /* GTLBloggerPostList.m in Sources */ = {isa = PBXBuildFile; fileRef = 9AACCE0E1941278D00257408 /* GTLBloggerPostList.m */; };
		9A63E3D5194250370093907E /* GTLBloggerPostPerUserInfo.h in Sources */ = {isa = PBXBuildFile; fileRef = 9AACCE0F1941278D00257408 /* GTLBloggerPostPerUserInfo.h */; };
		9A63E3D6194250370093907E /* GTLBloggerPostPerUserInfo.m in Sources */ = {isa = PBXBuildFile; fileRef = 9AACCE101941278D00257408 /* GTLBloggerPostPerUserInfo.m */; };
		9A63E3D7194250370093907E /* GTLBloggerPostUserInfo.h in Sources */ = {isa = PBXBuildFile; fileRef = 9AACCE111941278D00257408 /* GTLBloggerPostUserInfo.h */; };
		9A63E3D8194250370093907E /* GTLBloggerPostUserInfo.m in Sources */ = {isa = PBXBuildFile; fileRef = 9AACCE121941278D00257408 /* GTLBloggerPostUserInfo.m */; };
		9A63E3D9194250370093907E /* GTLBloggerPostUserInfosList.h in Sources */ = {isa = PBXBuildFile; fileRef = 9AACCE131941278D00257408 /* GTLBloggerPostUserInfosList.h */; };
		9A63E3DA194250370093907E /* GTLBloggerPostUserInfosList.m in Sources */ = {isa = PBXBuildFile; fileRef = 9AACCE141941278D00257408 /* GTLBloggerPostUserInfosList.m */; };
		9A63E3DB194250370093907E /* GTLBloggerUser.h in Sources */ = {isa = PBXBuildFile; fileRef = 9AACCE151941278D00257408 /* GTLBloggerUser.h */; };
		9A63E3DC194250370093907E /* GTLBloggerUser.m in Sources */ = {isa = PBXBuildFile; fileRef = 9AACCE161941278D00257408 /* GTLBloggerUser.m */; };
		9A63E3DD194250370093907E /* GTLQueryBlogger.h in Sources */ = {isa = PBXBuildFile; fileRef = 9AACCE171941278D00257408 /* GTLQueryBlogger.h */; };
		9A63E3DE194250370093907E /* GTLQueryBlogger.m in Sources */ = {isa = PBXBuildFile; fileRef = 9AACCE181941278D00257408 /* GTLQueryBlogger.m */; };
		9A63E3DF194250370093907E /* GTLServiceBlogger.h in Sources */ = {isa = PBXBuildFile; fileRef = 9AACCE191941278D00257408 /* GTLServiceBlogger.h */; };
		9A63E3E0194250370093907E /* GTLServiceBlogger.m in Sources */ = {isa = PBXBuildFile; fileRef = 9AACCE1A1941278D00257408 /* GTLServiceBlogger.m */; };
		9A63E3E1194250370093907E /* GTLBase64.h in Sources */ = {isa = PBXBuildFile; fileRef = 9AACCE1C1941278D00257408 /* GTLBase64.h */; };
		9A63E3E2194250370093907E /* GTLBase64.m in Sources */ = {isa = PBXBuildFile; fileRef = 9AACCE1D1941278D00257408 /* GTLBase64.m */; };
		9A63E3E3194250370093907E /* GTLFramework.h in Sources */ = {isa = PBXBuildFile; fileRef = 9AACCE1E1941278D00257408 /* GTLFramework.h */; };
		9A63E3E4194250370093907E /* GTLFramework.m in Sources */ = {isa = PBXBuildFile; fileRef = 9AACCE1F1941278D00257408 /* GTLFramework.m */; };
		9A63E3E5194250370093907E /* GTLJSONParser.h in Sources */ = {isa = PBXBuildFile; fileRef = 9AACCE201941278D00257408 /* GTLJSONParser.h */; };
		9A63E3E6194250370093907E /* GTLJSONParser.m in Sources */ = {isa = PBXBuildFile; fileRef = 9AACCE211941278D00257408 /* GTLJSONParser.m */; };
		9A63E3E7194250370093907E /* GTLTargetNamespace.h in Sources */ = {isa = PBXBuildFile; fileRef = 9AACCE221941278D00257408 /* GTLTargetNamespace.h */; };
		9A63E3E8194250370093907E /* GTLUtilities.h in Sources */ = {isa = PBXBuildFile; fileRef = 9AACCE231941278D00257408 /* GTLUtilities.h */; };
		9A63E3E9194250370093907E /* GTLUtilities.m in Sources */ = {isa = PBXBuildFile; fileRef = 9AACCE241941278D00257408 /* GTLUtilities.m */; };
		9A63E3EA194250370093907E /* GoogleBlogger.h in Sources */ = {isa = PBXBuildFile; fileRef = 9AACCD8F194126D300257408 /* GoogleBlogger.h */; };
		9A63E3EB194250370093907E /* Info.plist in Sources */ = {isa = PBXBuildFile; fileRef = 9AACCD8E194126D300257408 /* Info.plist */; };
		9A63E3ED194250370093907E /* Info.plist in Sources */ = {isa = PBXBuildFile; fileRef = 9AACCD9B194126D300257408 /* Info.plist */; };
		9A63E3F0194250370093907E /* Info.plist in Sources */ = {isa = PBXBuildFile; fileRef = 9A63E37319424FC30093907E /* Info.plist */; };
		9AACCD9D194126D300257408 /* GoogleBloggerTests.m in Sources */ = {isa = PBXBuildFile; fileRef = 9AACCD9C194126D300257408 /* GoogleBloggerTests.m */; };
/* End PBXBuildFile section */

/* Begin PBXContainerItemProxy section */
		9A63E36F19424FC30093907E /* PBXContainerItemProxy */ = {
			isa = PBXContainerItemProxy;
			containerPortal = 9AACCD81194126D300257408 /* Project object */;
			proxyType = 1;
			remoteGlobalIDString = 9A63E36219424FC30093907E;
			remoteInfo = GoogleBlogger1;
		};
/* End PBXContainerItemProxy section */

/* Begin PBXCopyFilesBuildPhase section */
		9A63E36119424FC30093907E /* CopyFiles */ = {
			isa = PBXCopyFilesBuildPhase;
			buildActionMask = 2147483647;
			dstPath = "include/$(PRODUCT_NAME)";
			dstSubfolderSpec = 16;
			files = (
				9A63E36619424FC30093907E /* GoogleBlogger1.h in CopyFiles */,
			);
			runOnlyForDeploymentPostprocessing = 0;
		};
/* End PBXCopyFilesBuildPhase section */

/* Begin PBXFileReference section */
		9A0D1895194FA22B00DE613F /* GTMGatherInputStream.h */ = {isa = PBXFileReference; fileEncoding = 4; lastKnownFileType = sourcecode.c.h; path = GTMGatherInputStream.h; sourceTree = "<group>"; };
		9A0D1896194FA22B00DE613F /* GTMGatherInputStream.m */ = {isa = PBXFileReference; fileEncoding = 4; lastKnownFileType = sourcecode.c.objc; path = GTMGatherInputStream.m; sourceTree = "<group>"; };
		9A0D1897194FA22B00DE613F /* GTMHTTPFetcher.h */ = {isa = PBXFileReference; fileEncoding = 4; lastKnownFileType = sourcecode.c.h; path = GTMHTTPFetcher.h; sourceTree = "<group>"; };
		9A0D1898194FA22B00DE613F /* GTMHTTPFetcher.m */ = {isa = PBXFileReference; fileEncoding = 4; lastKnownFileType = sourcecode.c.objc; path = GTMHTTPFetcher.m; sourceTree = "<group>"; };
		9A0D189C194FA22B00DE613F /* GTMHTTPFetcherLogging.h */ = {isa = PBXFileReference; fileEncoding = 4; lastKnownFileType = sourcecode.c.h; path = GTMHTTPFetcherLogging.h; sourceTree = "<group>"; };
		9A0D189D194FA22B00DE613F /* GTMHTTPFetcherLogging.m */ = {isa = PBXFileReference; fileEncoding = 4; lastKnownFileType = sourcecode.c.objc; path = GTMHTTPFetcherLogging.m; sourceTree = "<group>"; };
		9A0D189E194FA22B00DE613F /* GTMHTTPFetcherLogViewController.h */ = {isa = PBXFileReference; fileEncoding = 4; lastKnownFileType = sourcecode.c.h; path = GTMHTTPFetcherLogViewController.h; sourceTree = "<group>"; };
		9A0D189F194FA22B00DE613F /* GTMHTTPFetcherLogViewController.m */ = {isa = PBXFileReference; fileEncoding = 4; lastKnownFileType = sourcecode.c.objc; path = GTMHTTPFetcherLogViewController.m; sourceTree = "<group>"; };
		9A0D18A0194FA22B00DE613F /* GTMHTTPFetcherService.h */ = {isa = PBXFileReference; fileEncoding = 4; lastKnownFileType = sourcecode.c.h; path = GTMHTTPFetcherService.h; sourceTree = "<group>"; };
		9A0D18A1194FA22B00DE613F /* GTMHTTPFetcherService.m */ = {isa = PBXFileReference; fileEncoding = 4; lastKnownFileType = sourcecode.c.objc; path = GTMHTTPFetcherService.m; sourceTree = "<group>"; };
		9A0D18A2194FA22B00DE613F /* GTMHTTPFetchHistory.h */ = {isa = PBXFileReference; fileEncoding = 4; lastKnownFileType = sourcecode.c.h; path = GTMHTTPFetchHistory.h; sourceTree = "<group>"; };
		9A0D18A3194FA22B00DE613F /* GTMHTTPFetchHistory.m */ = {isa = PBXFileReference; fileEncoding = 4; lastKnownFileType = sourcecode.c.objc; path = GTMHTTPFetchHistory.m; sourceTree = "<group>"; };
		9A0D18A4194FA22B00DE613F /* GTMHTTPUploadFetcher.h */ = {isa = PBXFileReference; fileEncoding = 4; lastKnownFileType = sourcecode.c.h; path = GTMHTTPUploadFetcher.h; sourceTree = "<group>"; };
		9A0D18A5194FA22B00DE613F /* GTMHTTPUploadFetcher.m */ = {isa = PBXFileReference; fileEncoding = 4; lastKnownFileType = sourcecode.c.objc; path = GTMHTTPUploadFetcher.m; sourceTree = "<group>"; };
		9A0D18A6194FA22B00DE613F /* GTMMIMEDocument.h */ = {isa = PBXFileReference; fileEncoding = 4; lastKnownFileType = sourcecode.c.h; path = GTMMIMEDocument.h; sourceTree = "<group>"; };
		9A0D18A7194FA22B00DE613F /* GTMMIMEDocument.m */ = {isa = PBXFileReference; fileEncoding = 4; lastKnownFileType = sourcecode.c.objc; path = GTMMIMEDocument.m; sourceTree = "<group>"; };
		9A0D18A8194FA22B00DE613F /* GTMReadMonitorInputStream.h */ = {isa = PBXFileReference; fileEncoding = 4; lastKnownFileType = sourcecode.c.h; path = GTMReadMonitorInputStream.h; sourceTree = "<group>"; };
		9A0D18A9194FA22B00DE613F /* GTMReadMonitorInputStream.m */ = {isa = PBXFileReference; fileEncoding = 4; lastKnownFileType = sourcecode.c.objc; path = GTMReadMonitorInputStream.m; sourceTree = "<group>"; };
		9A0D18AD194FA22B00DE613F /* gettysburgaddress.txt */ = {isa = PBXFileReference; fileEncoding = 4; lastKnownFileType = text; path = gettysburgaddress.txt; sourceTree = "<group>"; };
		9A0D18AE194FA22B00DE613F /* GTMGatherInputStreamTest.m */ = {isa = PBXFileReference; fileEncoding = 4; lastKnownFileType = sourcecode.c.objc; path = GTMGatherInputStreamTest.m; sourceTree = "<group>"; };
		9A0D18AF194FA22B00DE613F /* GTMHTTPFetcherCachingTest.m */ = {isa = PBXFileReference; fileEncoding = 4; lastKnownFileType = sourcecode.c.objc; path = GTMHTTPFetcherCachingTest.m; sourceTree = "<group>"; };
		9A0D18B0194FA22B00DE613F /* GTMHTTPFetcherFetchingTest.m */ = {isa = PBXFileReference; fileEncoding = 4; lastKnownFileType = sourcecode.c.objc; path = GTMHTTPFetcherFetchingTest.m; sourceTree = "<group>"; };
		9A0D18B1194FA22B00DE613F /* GTMHTTPFetcherServiceTest.m */ = {isa = PBXFileReference; fileEncoding = 4; lastKnownFileType = sourcecode.c.objc; path = GTMHTTPFetcherServiceTest.m; sourceTree = "<group>"; };
		9A0D18B2194FA22B00DE613F /* GTMHTTPFetcherTestServer.h */ = {isa = PBXFileReference; fileEncoding = 4; lastKnownFileType = sourcecode.c.h; path = GTMHTTPFetcherTestServer.h; sourceTree = "<group>"; };
		9A0D18B3194FA22B00DE613F /* GTMHTTPFetcherTestServer.m */ = {isa = PBXFileReference; fileEncoding = 4; lastKnownFileType = sourcecode.c.objc; path = GTMHTTPFetcherTestServer.m; sourceTree = "<group>"; };
		9A0D18B4194FA22B00DE613F /* GTMHTTPFetcherUtilityTest.m */ = {isa = PBXFileReference; fileEncoding = 4; lastKnownFileType = sourcecode.c.objc; path = GTMHTTPFetcherUtilityTest.m; sourceTree = "<group>"; };
		9A0D18B5194FA22B00DE613F /* GTMHTTPServer.h */ = {isa = PBXFileReference; fileEncoding = 4; lastKnownFileType = sourcecode.c.h; path = GTMHTTPServer.h; sourceTree = "<group>"; };
		9A0D18B6194FA22B00DE613F /* GTMHTTPServer.m */ = {isa = PBXFileReference; fileEncoding = 4; lastKnownFileType = sourcecode.c.objc; path = GTMHTTPServer.m; sourceTree = "<group>"; };
		9A0D18B7194FA22B00DE613F /* GTMHTTPUploadFetcherTest.m */ = {isa = PBXFileReference; fileEncoding = 4; lastKnownFileType = sourcecode.c.objc; path = GTMHTTPUploadFetcherTest.m; sourceTree = "<group>"; };
		9A0D18B8194FA22B00DE613F /* GTMMIMEDocumentTest.m */ = {isa = PBXFileReference; fileEncoding = 4; lastKnownFileType = sourcecode.c.objc; path = GTMMIMEDocumentTest.m; sourceTree = "<group>"; };
		9A0D18B9194FA22B00DE613F /* GTMReadMonitorInputStreamTest.m */ = {isa = PBXFileReference; fileEncoding = 4; lastKnownFileType = sourcecode.c.objc; path = GTMReadMonitorInputStreamTest.m; sourceTree = "<group>"; };
		9A0D18BA194FA22B00DE613F /* UnitTests-Info.plist */ = {isa = PBXFileReference; fileEncoding = 4; lastKnownFileType = text.plist.xml; path = "UnitTests-Info.plist"; sourceTree = "<group>"; };
		9A63E36319424FC30093907E /* libGoogleBlogger.a */ = {isa = PBXFileReference; explicitFileType = archive.ar; includeInIndex = 0; path = libGoogleBlogger.a; sourceTree = BUILT_PRODUCTS_DIR; };
		9A63E36519424FC30093907E /* GoogleBlogger1.h */ = {isa = PBXFileReference; lastKnownFileType = sourcecode.c.h; path = GoogleBlogger1.h; sourceTree = "<group>"; };
		9A63E36719424FC30093907E /* GoogleBlogger1.m */ = {isa = PBXFileReference; lastKnownFileType = sourcecode.c.objc; path = GoogleBlogger1.m; sourceTree = "<group>"; };
		9A63E36D19424FC30093907E /* GoogleBlogger1Tests.xctest */ = {isa = PBXFileReference; explicitFileType = wrapper.cfbundle; includeInIndex = 0; path = GoogleBlogger1Tests.xctest; sourceTree = BUILT_PRODUCTS_DIR; };
		9A63E37319424FC30093907E /* Info.plist */ = {isa = PBXFileReference; lastKnownFileType = text.plist.xml; path = Info.plist; sourceTree = "<group>"; };
		9AACCD8E194126D300257408 /* Info.plist */ = {isa = PBXFileReference; lastKnownFileType = text.plist.xml; path = Info.plist; sourceTree = "<group>"; };
		9AACCD8F194126D300257408 /* GoogleBlogger.h */ = {isa = PBXFileReference; lastKnownFileType = sourcecode.c.h; path = GoogleBlogger.h; sourceTree = "<group>"; };
		9AACCD95194126D300257408 /* GoogleBloggerTests.xctest */ = {isa = PBXFileReference; explicitFileType = wrapper.cfbundle; includeInIndex = 0; path = GoogleBloggerTests.xctest; sourceTree = BUILT_PRODUCTS_DIR; };
		9AACCD9B194126D300257408 /* Info.plist */ = {isa = PBXFileReference; lastKnownFileType = text.plist.xml; path = Info.plist; sourceTree = "<group>"; };
		9AACCD9C194126D300257408 /* GoogleBloggerTests.m */ = {isa = PBXFileReference; lastKnownFileType = sourcecode.c.objc; path = GoogleBloggerTests.m; sourceTree = "<group>"; };
		9AACCDCE1941278D00257408 /* GTLClientLoginAuthentication.h */ = {isa = PBXFileReference; fileEncoding = 4; lastKnownFileType = sourcecode.c.h; path = GTLClientLoginAuthentication.h; sourceTree = "<group>"; };
		9AACCDCF1941278D00257408 /* GTLClientLoginAuthentication.m */ = {isa = PBXFileReference; fileEncoding = 4; lastKnownFileType = sourcecode.c.objc; path = GTLClientLoginAuthentication.m; sourceTree = "<group>"; };
		9AACCDD41941278D00257408 /* GTMOAuth2Authentication.h */ = {isa = PBXFileReference; fileEncoding = 4; lastKnownFileType = sourcecode.c.h; path = GTMOAuth2Authentication.h; sourceTree = "<group>"; };
		9AACCDD51941278D00257408 /* GTMOAuth2Authentication.m */ = {isa = PBXFileReference; fileEncoding = 4; lastKnownFileType = sourcecode.c.objc; path = GTMOAuth2Authentication.m; sourceTree = "<group>"; };
		9AACCDD61941278D00257408 /* GTMOAuth2SignIn.h */ = {isa = PBXFileReference; fileEncoding = 4; lastKnownFileType = sourcecode.c.h; path = GTMOAuth2SignIn.h; sourceTree = "<group>"; };
		9AACCDD71941278D00257408 /* GTMOAuth2SignIn.m */ = {isa = PBXFileReference; fileEncoding = 4; lastKnownFileType = sourcecode.c.objc; path = GTMOAuth2SignIn.m; sourceTree = "<group>"; };
		9AACCDDD1941278D00257408 /* ReleaseNotes.txt */ = {isa = PBXFileReference; fileEncoding = 4; lastKnownFileType = text; path = ReleaseNotes.txt; sourceTree = "<group>"; };
		9AACCDDF1941278D00257408 /* GTMOAuth2ViewControllerTouch.h */ = {isa = PBXFileReference; fileEncoding = 4; lastKnownFileType = sourcecode.c.h; path = GTMOAuth2ViewControllerTouch.h; sourceTree = "<group>"; };
		9AACCDE01941278D00257408 /* GTMOAuth2ViewControllerTouch.m */ = {isa = PBXFileReference; fileEncoding = 4; lastKnownFileType = sourcecode.c.objc; path = GTMOAuth2ViewControllerTouch.m; sourceTree = "<group>"; };
		9AACCDE11941278D00257408 /* GTMOAuth2ViewTouch.xib */ = {isa = PBXFileReference; fileEncoding = 4; lastKnownFileType = file.xib; path = GTMOAuth2ViewTouch.xib; sourceTree = "<group>"; };
		9AACCDE31941278D00257408 /* GTLBatchQuery.h */ = {isa = PBXFileReference; fileEncoding = 4; lastKnownFileType = sourcecode.c.h; path = GTLBatchQuery.h; sourceTree = "<group>"; };
		9AACCDE41941278D00257408 /* GTLBatchQuery.m */ = {isa = PBXFileReference; fileEncoding = 4; lastKnownFileType = sourcecode.c.objc; path = GTLBatchQuery.m; sourceTree = "<group>"; };
		9AACCDE51941278D00257408 /* GTLBatchResult.h */ = {isa = PBXFileReference; fileEncoding = 4; lastKnownFileType = sourcecode.c.h; path = GTLBatchResult.h; sourceTree = "<group>"; };
		9AACCDE61941278D00257408 /* GTLBatchResult.m */ = {isa = PBXFileReference; fileEncoding = 4; lastKnownFileType = sourcecode.c.objc; path = GTLBatchResult.m; sourceTree = "<group>"; };
		9AACCDE71941278D00257408 /* GTLDateTime.h */ = {isa = PBXFileReference; fileEncoding = 4; lastKnownFileType = sourcecode.c.h; path = GTLDateTime.h; sourceTree = "<group>"; };
		9AACCDE81941278D00257408 /* GTLDateTime.m */ = {isa = PBXFileReference; fileEncoding = 4; lastKnownFileType = sourcecode.c.objc; path = GTLDateTime.m; sourceTree = "<group>"; };
		9AACCDE91941278D00257408 /* GTLErrorObject.h */ = {isa = PBXFileReference; fileEncoding = 4; lastKnownFileType = sourcecode.c.h; path = GTLErrorObject.h; sourceTree = "<group>"; };
		9AACCDEA1941278D00257408 /* GTLErrorObject.m */ = {isa = PBXFileReference; fileEncoding = 4; lastKnownFileType = sourcecode.c.objc; path = GTLErrorObject.m; sourceTree = "<group>"; };
		9AACCDEB1941278D00257408 /* GTLObject.h */ = {isa = PBXFileReference; fileEncoding = 4; lastKnownFileType = sourcecode.c.h; path = GTLObject.h; sourceTree = "<group>"; };
		9AACCDEC1941278D00257408 /* GTLObject.m */ = {isa = PBXFileReference; fileEncoding = 4; lastKnownFileType = sourcecode.c.objc; path = GTLObject.m; sourceTree = "<group>"; };
		9AACCDED1941278D00257408 /* GTLQuery.h */ = {isa = PBXFileReference; fileEncoding = 4; lastKnownFileType = sourcecode.c.h; path = GTLQuery.h; sourceTree = "<group>"; };
		9AACCDEE1941278D00257408 /* GTLQuery.m */ = {isa = PBXFileReference; fileEncoding = 4; lastKnownFileType = sourcecode.c.objc; path = GTLQuery.m; sourceTree = "<group>"; };
		9AACCDEF1941278D00257408 /* GTLRuntimeCommon.h */ = {isa = PBXFileReference; fileEncoding = 4; lastKnownFileType = sourcecode.c.h; path = GTLRuntimeCommon.h; sourceTree = "<group>"; };
		9AACCDF01941278D00257408 /* GTLRuntimeCommon.m */ = {isa = PBXFileReference; fileEncoding = 4; lastKnownFileType = sourcecode.c.objc; path = GTLRuntimeCommon.m; sourceTree = "<group>"; };
		9AACCDF11941278D00257408 /* GTLService.h */ = {isa = PBXFileReference; fileEncoding = 4; lastKnownFileType = sourcecode.c.h; path = GTLService.h; sourceTree = "<group>"; };
		9AACCDF21941278D00257408 /* GTLService.m */ = {isa = PBXFileReference; fileEncoding = 4; lastKnownFileType = sourcecode.c.objc; path = GTLService.m; sourceTree = "<group>"; };
		9AACCDF31941278D00257408 /* GTLUploadParameters.h */ = {isa = PBXFileReference; fileEncoding = 4; lastKnownFileType = sourcecode.c.h; path = GTLUploadParameters.h; sourceTree = "<group>"; };
		9AACCDF41941278D00257408 /* GTLUploadParameters.m */ = {isa = PBXFileReference; fileEncoding = 4; lastKnownFileType = sourcecode.c.objc; path = GTLUploadParameters.m; sourceTree = "<group>"; };
		9AACCDF61941278D00257408 /* GTLBlogger.h */ = {isa = PBXFileReference; fileEncoding = 4; lastKnownFileType = sourcecode.c.h; path = GTLBlogger.h; sourceTree = "<group>"; };
		9AACCDF71941278D00257408 /* GTLBloggerBlog.h */ = {isa = PBXFileReference; fileEncoding = 4; lastKnownFileType = sourcecode.c.h; path = GTLBloggerBlog.h; sourceTree = "<group>"; };
		9AACCDF81941278D00257408 /* GTLBloggerBlog.m */ = {isa = PBXFileReference; fileEncoding = 4; lastKnownFileType = sourcecode.c.objc; path = GTLBloggerBlog.m; sourceTree = "<group>"; };
		9AACCDF91941278D00257408 /* GTLBloggerBlogList.h */ = {isa = PBXFileReference; fileEncoding = 4; lastKnownFileType = sourcecode.c.h; path = GTLBloggerBlogList.h; sourceTree = "<group>"; };
		9AACCDFA1941278D00257408 /* GTLBloggerBlogList.m */ = {isa = PBXFileReference; fileEncoding = 4; lastKnownFileType = sourcecode.c.objc; path = GTLBloggerBlogList.m; sourceTree = "<group>"; };
		9AACCDFB1941278D00257408 /* GTLBloggerBlogPerUserInfo.h */ = {isa = PBXFileReference; fileEncoding = 4; lastKnownFileType = sourcecode.c.h; path = GTLBloggerBlogPerUserInfo.h; sourceTree = "<group>"; };
		9AACCDFC1941278D00257408 /* GTLBloggerBlogPerUserInfo.m */ = {isa = PBXFileReference; fileEncoding = 4; lastKnownFileType = sourcecode.c.objc; path = GTLBloggerBlogPerUserInfo.m; sourceTree = "<group>"; };
		9AACCDFD1941278D00257408 /* GTLBloggerBlogUserInfo.h */ = {isa = PBXFileReference; fileEncoding = 4; lastKnownFileType = sourcecode.c.h; path = GTLBloggerBlogUserInfo.h; sourceTree = "<group>"; };
		9AACCDFE1941278D00257408 /* GTLBloggerBlogUserInfo.m */ = {isa = PBXFileReference; fileEncoding = 4; lastKnownFileType = sourcecode.c.objc; path = GTLBloggerBlogUserInfo.m; sourceTree = "<group>"; };
		9AACCDFF1941278D00257408 /* GTLBloggerComment.h */ = {isa = PBXFileReference; fileEncoding = 4; lastKnownFileType = sourcecode.c.h; path = GTLBloggerComment.h; sourceTree = "<group>"; };
		9AACCE001941278D00257408 /* GTLBloggerComment.m */ = {isa = PBXFileReference; fileEncoding = 4; lastKnownFileType = sourcecode.c.objc; path = GTLBloggerComment.m; sourceTree = "<group>"; };
		9AACCE011941278D00257408 /* GTLBloggerCommentList.h */ = {isa = PBXFileReference; fileEncoding = 4; lastKnownFileType = sourcecode.c.h; path = GTLBloggerCommentList.h; sourceTree = "<group>"; };
		9AACCE021941278D00257408 /* GTLBloggerCommentList.m */ = {isa = PBXFileReference; fileEncoding = 4; lastKnownFileType = sourcecode.c.objc; path = GTLBloggerCommentList.m; sourceTree = "<group>"; };
		9AACCE031941278D00257408 /* GTLBloggerConstants.h */ = {isa = PBXFileReference; fileEncoding = 4; lastKnownFileType = sourcecode.c.h; path = GTLBloggerConstants.h; sourceTree = "<group>"; };
		9AACCE041941278D00257408 /* GTLBloggerConstants.m */ = {isa = PBXFileReference; fileEncoding = 4; lastKnownFileType = sourcecode.c.objc; path = GTLBloggerConstants.m; sourceTree = "<group>"; };
		9AACCE051941278D00257408 /* GTLBloggerPage.h */ = {isa = PBXFileReference; fileEncoding = 4; lastKnownFileType = sourcecode.c.h; path = GTLBloggerPage.h; sourceTree = "<group>"; };
		9AACCE061941278D00257408 /* GTLBloggerPage.m */ = {isa = PBXFileReference; fileEncoding = 4; lastKnownFileType = sourcecode.c.objc; path = GTLBloggerPage.m; sourceTree = "<group>"; };
		9AACCE071941278D00257408 /* GTLBloggerPageList.h */ = {isa = PBXFileReference; fileEncoding = 4; lastKnownFileType = sourcecode.c.h; path = GTLBloggerPageList.h; sourceTree = "<group>"; };
		9AACCE081941278D00257408 /* GTLBloggerPageList.m */ = {isa = PBXFileReference; fileEncoding = 4; lastKnownFileType = sourcecode.c.objc; path = GTLBloggerPageList.m; sourceTree = "<group>"; };
		9AACCE091941278D00257408 /* GTLBloggerPageviews.h */ = {isa = PBXFileReference; fileEncoding = 4; lastKnownFileType = sourcecode.c.h; path = GTLBloggerPageviews.h; sourceTree = "<group>"; };
		9AACCE0A1941278D00257408 /* GTLBloggerPageviews.m */ = {isa = PBXFileReference; fileEncoding = 4; lastKnownFileType = sourcecode.c.objc; path = GTLBloggerPageviews.m; sourceTree = "<group>"; };
		9AACCE0B1941278D00257408 /* GTLBloggerPost.h */ = {isa = PBXFileReference; fileEncoding = 4; lastKnownFileType = sourcecode.c.h; path = GTLBloggerPost.h; sourceTree = "<group>"; };
		9AACCE0C1941278D00257408 /* GTLBloggerPost.m */ = {isa = PBXFileReference; fileEncoding = 4; lastKnownFileType = sourcecode.c.objc; path = GTLBloggerPost.m; sourceTree = "<group>"; };
		9AACCE0D1941278D00257408 /* GTLBloggerPostList.h */ = {isa = PBXFileReference; fileEncoding = 4; lastKnownFileType = sourcecode.c.h; path = GTLBloggerPostList.h; sourceTree = "<group>"; };
		9AACCE0E1941278D00257408 /* GTLBloggerPostList.m */ = {isa = PBXFileReference; fileEncoding = 4; lastKnownFileType = sourcecode.c.objc; path = GTLBloggerPostList.m; sourceTree = "<group>"; };
		9AACCE0F1941278D00257408 /* GTLBloggerPostPerUserInfo.h */ = {isa = PBXFileReference; fileEncoding = 4; lastKnownFileType = sourcecode.c.h; path = GTLBloggerPostPerUserInfo.h; sourceTree = "<group>"; };
		9AACCE101941278D00257408 /* GTLBloggerPostPerUserInfo.m */ = {isa = PBXFileReference; fileEncoding = 4; lastKnownFileType = sourcecode.c.objc; path = GTLBloggerPostPerUserInfo.m; sourceTree = "<group>"; };
		9AACCE111941278D00257408 /* GTLBloggerPostUserInfo.h */ = {isa = PBXFileReference; fileEncoding = 4; lastKnownFileType = sourcecode.c.h; path = GTLBloggerPostUserInfo.h; sourceTree = "<group>"; };
		9AACCE121941278D00257408 /* GTLBloggerPostUserInfo.m */ = {isa = PBXFileReference; fileEncoding = 4; lastKnownFileType = sourcecode.c.objc; path = GTLBloggerPostUserInfo.m; sourceTree = "<group>"; };
		9AACCE131941278D00257408 /* GTLBloggerPostUserInfosList.h */ = {isa = PBXFileReference; fileEncoding = 4; lastKnownFileType = sourcecode.c.h; path = GTLBloggerPostUserInfosList.h; sourceTree = "<group>"; };
		9AACCE141941278D00257408 /* GTLBloggerPostUserInfosList.m */ = {isa = PBXFileReference; fileEncoding = 4; lastKnownFileType = sourcecode.c.objc; path = GTLBloggerPostUserInfosList.m; sourceTree = "<group>"; };
		9AACCE151941278D00257408 /* GTLBloggerUser.h */ = {isa = PBXFileReference; fileEncoding = 4; lastKnownFileType = sourcecode.c.h; path = GTLBloggerUser.h; sourceTree = "<group>"; };
		9AACCE161941278D00257408 /* GTLBloggerUser.m */ = {isa = PBXFileReference; fileEncoding = 4; lastKnownFileType = sourcecode.c.objc; path = GTLBloggerUser.m; sourceTree = "<group>"; };
		9AACCE171941278D00257408 /* GTLQueryBlogger.h */ = {isa = PBXFileReference; fileEncoding = 4; lastKnownFileType = sourcecode.c.h; path = GTLQueryBlogger.h; sourceTree = "<group>"; };
		9AACCE181941278D00257408 /* GTLQueryBlogger.m */ = {isa = PBXFileReference; fileEncoding = 4; lastKnownFileType = sourcecode.c.objc; path = GTLQueryBlogger.m; sourceTree = "<group>"; };
		9AACCE191941278D00257408 /* GTLServiceBlogger.h */ = {isa = PBXFileReference; fileEncoding = 4; lastKnownFileType = sourcecode.c.h; path = GTLServiceBlogger.h; sourceTree = "<group>"; };
		9AACCE1A1941278D00257408 /* GTLServiceBlogger.m */ = {isa = PBXFileReference; fileEncoding = 4; lastKnownFileType = sourcecode.c.objc; path = GTLServiceBlogger.m; sourceTree = "<group>"; };
		9AACCE1C1941278D00257408 /* GTLBase64.h */ = {isa = PBXFileReference; fileEncoding = 4; lastKnownFileType = sourcecode.c.h; path = GTLBase64.h; sourceTree = "<group>"; };
		9AACCE1D1941278D00257408 /* GTLBase64.m */ = {isa = PBXFileReference; fileEncoding = 4; lastKnownFileType = sourcecode.c.objc; path = GTLBase64.m; sourceTree = "<group>"; };
		9AACCE1E1941278D00257408 /* GTLFramework.h */ = {isa = PBXFileReference; fileEncoding = 4; lastKnownFileType = sourcecode.c.h; path = GTLFramework.h; sourceTree = "<group>"; };
		9AACCE1F1941278D00257408 /* GTLFramework.m */ = {isa = PBXFileReference; fileEncoding = 4; lastKnownFileType = sourcecode.c.objc; path = GTLFramework.m; sourceTree = "<group>"; };
		9AACCE201941278D00257408 /* GTLJSONParser.h */ = {isa = PBXFileReference; fileEncoding = 4; lastKnownFileType = sourcecode.c.h; path = GTLJSONParser.h; sourceTree = "<group>"; };
		9AACCE211941278D00257408 /* GTLJSONParser.m */ = {isa = PBXFileReference; fileEncoding = 4; lastKnownFileType = sourcecode.c.objc; path = GTLJSONParser.m; sourceTree = "<group>"; };
		9AACCE221941278D00257408 /* GTLTargetNamespace.h */ = {isa = PBXFileReference; fileEncoding = 4; lastKnownFileType = sourcecode.c.h; path = GTLTargetNamespace.h; sourceTree = "<group>"; };
		9AACCE231941278D00257408 /* GTLUtilities.h */ = {isa = PBXFileReference; fileEncoding = 4; lastKnownFileType = sourcecode.c.h; path = GTLUtilities.h; sourceTree = "<group>"; };
		9AACCE241941278D00257408 /* GTLUtilities.m */ = {isa = PBXFileReference; fileEncoding = 4; lastKnownFileType = sourcecode.c.objc; path = GTLUtilities.m; sourceTree = "<group>"; };
		9AACCEB01941283F00257408 /* GTLDefines.h */ = {isa = PBXFileReference; fileEncoding = 4; lastKnownFileType = sourcecode.c.h; path = GTLDefines.h; sourceTree = "<group>"; };
/* End PBXFileReference section */

/* Begin PBXFrameworksBuildPhase section */
		9A63E36019424FC30093907E /* Frameworks */ = {
			isa = PBXFrameworksBuildPhase;
			buildActionMask = 2147483647;
			files = (
			);
			runOnlyForDeploymentPostprocessing = 0;
		};
		9A63E36A19424FC30093907E /* Frameworks */ = {
			isa = PBXFrameworksBuildPhase;
			buildActionMask = 2147483647;
			files = (
				9A63E36E19424FC30093907E /* libGoogleBlogger.a in Frameworks */,
			);
			runOnlyForDeploymentPostprocessing = 0;
		};
		9AACCD92194126D300257408 /* Frameworks */ = {
			isa = PBXFrameworksBuildPhase;
			buildActionMask = 2147483647;
			files = (
			);
			runOnlyForDeploymentPostprocessing = 0;
		};
/* End PBXFrameworksBuildPhase section */

/* Begin PBXGroup section */
		9A0D1819194FA22B00DE613F /* HTTPFetcher */ = {
			isa = PBXGroup;
			children = (
				9A0D1895194FA22B00DE613F /* GTMGatherInputStream.h */,
				9A0D1896194FA22B00DE613F /* GTMGatherInputStream.m */,
				9A0D1897194FA22B00DE613F /* GTMHTTPFetcher.h */,
				9A0D1898194FA22B00DE613F /* GTMHTTPFetcher.m */,
				9A0D189C194FA22B00DE613F /* GTMHTTPFetcherLogging.h */,
				9A0D189D194FA22B00DE613F /* GTMHTTPFetcherLogging.m */,
				9A0D189E194FA22B00DE613F /* GTMHTTPFetcherLogViewController.h */,
				9A0D189F194FA22B00DE613F /* GTMHTTPFetcherLogViewController.m */,
				9A0D18A0194FA22B00DE613F /* GTMHTTPFetcherService.h */,
				9A0D18A1194FA22B00DE613F /* GTMHTTPFetcherService.m */,
				9A0D18A2194FA22B00DE613F /* GTMHTTPFetchHistory.h */,
				9A0D18A3194FA22B00DE613F /* GTMHTTPFetchHistory.m */,
				9A0D18A4194FA22B00DE613F /* GTMHTTPUploadFetcher.h */,
				9A0D18A5194FA22B00DE613F /* GTMHTTPUploadFetcher.m */,
				9A0D18A6194FA22B00DE613F /* GTMMIMEDocument.h */,
				9A0D18A7194FA22B00DE613F /* GTMMIMEDocument.m */,
				9A0D18A8194FA22B00DE613F /* GTMReadMonitorInputStream.h */,
				9A0D18A9194FA22B00DE613F /* GTMReadMonitorInputStream.m */,
				9A0D18AB194FA22B00DE613F /* Tests */,
				9A0D18BA194FA22B00DE613F /* UnitTests-Info.plist */,
			);
			path = HTTPFetcher;
			sourceTree = "<group>";
		};
		9A0D18AB194FA22B00DE613F /* Tests */ = {
			isa = PBXGroup;
			children = (
				9A0D18AC194FA22B00DE613F /* Data */,
				9A0D18AE194FA22B00DE613F /* GTMGatherInputStreamTest.m */,
				9A0D18AF194FA22B00DE613F /* GTMHTTPFetcherCachingTest.m */,
				9A0D18B0194FA22B00DE613F /* GTMHTTPFetcherFetchingTest.m */,
				9A0D18B1194FA22B00DE613F /* GTMHTTPFetcherServiceTest.m */,
				9A0D18B2194FA22B00DE613F /* GTMHTTPFetcherTestServer.h */,
				9A0D18B3194FA22B00DE613F /* GTMHTTPFetcherTestServer.m */,
				9A0D18B4194FA22B00DE613F /* GTMHTTPFetcherUtilityTest.m */,
				9A0D18B5194FA22B00DE613F /* GTMHTTPServer.h */,
				9A0D18B6194FA22B00DE613F /* GTMHTTPServer.m */,
				9A0D18B7194FA22B00DE613F /* GTMHTTPUploadFetcherTest.m */,
				9A0D18B8194FA22B00DE613F /* GTMMIMEDocumentTest.m */,
				9A0D18B9194FA22B00DE613F /* GTMReadMonitorInputStreamTest.m */,
			);
			path = Tests;
			sourceTree = "<group>";
		};
		9A0D18AC194FA22B00DE613F /* Data */ = {
			isa = PBXGroup;
			children = (
				9A0D18AD194FA22B00DE613F /* gettysburgaddress.txt */,
			);
			path = Data;
			sourceTree = "<group>";
		};
		9A63E36419424FC30093907E /* GoogleBlogger1 */ = {
			isa = PBXGroup;
			children = (
				9A63E36519424FC30093907E /* GoogleBlogger1.h */,
				9A63E36719424FC30093907E /* GoogleBlogger1.m */,
			);
			path = GoogleBlogger1;
			sourceTree = "<group>";
		};
		9A63E37119424FC30093907E /* GoogleBlogger1Tests */ = {
			isa = PBXGroup;
			children = (
				9A63E37219424FC30093907E /* Supporting Files */,
			);
			path = GoogleBlogger1Tests;
			sourceTree = "<group>";
		};
		9A63E37219424FC30093907E /* Supporting Files */ = {
			isa = PBXGroup;
			children = (
				9A63E37319424FC30093907E /* Info.plist */,
			);
			name = "Supporting Files";
			sourceTree = "<group>";
		};
		9AACCD80194126D300257408 = {
			isa = PBXGroup;
			children = (
				9AACCD8C194126D300257408 /* GoogleBlogger */,
				9AACCD99194126D300257408 /* GoogleBloggerTests */,
				9A63E36419424FC30093907E /* GoogleBlogger1 */,
				9A63E37119424FC30093907E /* GoogleBlogger1Tests */,
				9AACCD8B194126D300257408 /* Products */,
			);
			sourceTree = "<group>";
		};
		9AACCD8B194126D300257408 /* Products */ = {
			isa = PBXGroup;
			children = (
				9AACCD95194126D300257408 /* GoogleBloggerTests.xctest */,
				9A63E36319424FC30093907E /* libGoogleBlogger.a */,
				9A63E36D19424FC30093907E /* GoogleBlogger1Tests.xctest */,
			);
			name = Products;
			sourceTree = "<group>";
		};
		9AACCD8C194126D300257408 /* GoogleBlogger */ = {
			isa = PBXGroup;
			children = (
				9A0D1819194FA22B00DE613F /* HTTPFetcher */,
				9AACCEB01941283F00257408 /* GTLDefines.h */,
				9AACCDCD1941278D00257408 /* Networking */,
				9AACCDD01941278D00257408 /* OAuth2 */,
				9AACCDE21941278D00257408 /* Objects */,
				9AACCDF51941278D00257408 /* Sources */,
				9AACCE1B1941278D00257408 /* Utilities */,
				9AACCD8F194126D300257408 /* GoogleBlogger.h */,
				9AACCD8D194126D300257408 /* Supporting Files */,
			);
			path = GoogleBlogger;
			sourceTree = "<group>";
		};
		9AACCD8D194126D300257408 /* Supporting Files */ = {
			isa = PBXGroup;
			children = (
				9AACCD8E194126D300257408 /* Info.plist */,
			);
			name = "Supporting Files";
			sourceTree = "<group>";
		};
		9AACCD99194126D300257408 /* GoogleBloggerTests */ = {
			isa = PBXGroup;
			children = (
				9AACCD9C194126D300257408 /* GoogleBloggerTests.m */,
				9AACCD9A194126D300257408 /* Supporting Files */,
			);
			path = GoogleBloggerTests;
			sourceTree = "<group>";
		};
		9AACCD9A194126D300257408 /* Supporting Files */ = {
			isa = PBXGroup;
			children = (
				9AACCD9B194126D300257408 /* Info.plist */,
			);
			name = "Supporting Files";
			sourceTree = "<group>";
		};
		9AACCDCD1941278D00257408 /* Networking */ = {
			isa = PBXGroup;
			children = (
				9AACCDCE1941278D00257408 /* GTLClientLoginAuthentication.h */,
				9AACCDCF1941278D00257408 /* GTLClientLoginAuthentication.m */,
			);
			path = Networking;
			sourceTree = "<group>";
		};
		9AACCDD01941278D00257408 /* OAuth2 */ = {
			isa = PBXGroup;
			children = (
				9AACCDD41941278D00257408 /* GTMOAuth2Authentication.h */,
				9AACCDD51941278D00257408 /* GTMOAuth2Authentication.m */,
				9AACCDD61941278D00257408 /* GTMOAuth2SignIn.h */,
				9AACCDD71941278D00257408 /* GTMOAuth2SignIn.m */,
				9AACCDDD1941278D00257408 /* ReleaseNotes.txt */,
				9AACCDDE1941278D00257408 /* Touch */,
			);
			path = OAuth2;
			sourceTree = "<group>";
		};
		9AACCDDE1941278D00257408 /* Touch */ = {
			isa = PBXGroup;
			children = (
				9AACCDDF1941278D00257408 /* GTMOAuth2ViewControllerTouch.h */,
				9AACCDE01941278D00257408 /* GTMOAuth2ViewControllerTouch.m */,
				9AACCDE11941278D00257408 /* GTMOAuth2ViewTouch.xib */,
			);
			path = Touch;
			sourceTree = "<group>";
		};
		9AACCDE21941278D00257408 /* Objects */ = {
			isa = PBXGroup;
			children = (
				9AACCDE31941278D00257408 /* GTLBatchQuery.h */,
				9AACCDE41941278D00257408 /* GTLBatchQuery.m */,
				9AACCDE51941278D00257408 /* GTLBatchResult.h */,
				9AACCDE61941278D00257408 /* GTLBatchResult.m */,
				9AACCDE71941278D00257408 /* GTLDateTime.h */,
				9AACCDE81941278D00257408 /* GTLDateTime.m */,
				9AACCDE91941278D00257408 /* GTLErrorObject.h */,
				9AACCDEA1941278D00257408 /* GTLErrorObject.m */,
				9AACCDEB1941278D00257408 /* GTLObject.h */,
				9AACCDEC1941278D00257408 /* GTLObject.m */,
				9AACCDED1941278D00257408 /* GTLQuery.h */,
				9AACCDEE1941278D00257408 /* GTLQuery.m */,
				9AACCDEF1941278D00257408 /* GTLRuntimeCommon.h */,
				9AACCDF01941278D00257408 /* GTLRuntimeCommon.m */,
				9AACCDF11941278D00257408 /* GTLService.h */,
				9AACCDF21941278D00257408 /* GTLService.m */,
				9AACCDF31941278D00257408 /* GTLUploadParameters.h */,
				9AACCDF41941278D00257408 /* GTLUploadParameters.m */,
			);
			path = Objects;
			sourceTree = "<group>";
		};
		9AACCDF51941278D00257408 /* Sources */ = {
			isa = PBXGroup;
			children = (
				9AACCDF61941278D00257408 /* GTLBlogger.h */,
				9AACCDF71941278D00257408 /* GTLBloggerBlog.h */,
				9AACCDF81941278D00257408 /* GTLBloggerBlog.m */,
				9AACCDF91941278D00257408 /* GTLBloggerBlogList.h */,
				9AACCDFA1941278D00257408 /* GTLBloggerBlogList.m */,
				9AACCDFB1941278D00257408 /* GTLBloggerBlogPerUserInfo.h */,
				9AACCDFC1941278D00257408 /* GTLBloggerBlogPerUserInfo.m */,
				9AACCDFD1941278D00257408 /* GTLBloggerBlogUserInfo.h */,
				9AACCDFE1941278D00257408 /* GTLBloggerBlogUserInfo.m */,
				9AACCDFF1941278D00257408 /* GTLBloggerComment.h */,
				9AACCE001941278D00257408 /* GTLBloggerComment.m */,
				9AACCE011941278D00257408 /* GTLBloggerCommentList.h */,
				9AACCE021941278D00257408 /* GTLBloggerCommentList.m */,
				9AACCE031941278D00257408 /* GTLBloggerConstants.h */,
				9AACCE041941278D00257408 /* GTLBloggerConstants.m */,
				9AACCE051941278D00257408 /* GTLBloggerPage.h */,
				9AACCE061941278D00257408 /* GTLBloggerPage.m */,
				9AACCE071941278D00257408 /* GTLBloggerPageList.h */,
				9AACCE081941278D00257408 /* GTLBloggerPageList.m */,
				9AACCE091941278D00257408 /* GTLBloggerPageviews.h */,
				9AACCE0A1941278D00257408 /* GTLBloggerPageviews.m */,
				9AACCE0B1941278D00257408 /* GTLBloggerPost.h */,
				9AACCE0C1941278D00257408 /* GTLBloggerPost.m */,
				9AACCE0D1941278D00257408 /* GTLBloggerPostList.h */,
				9AACCE0E1941278D00257408 /* GTLBloggerPostList.m */,
				9AACCE0F1941278D00257408 /* GTLBloggerPostPerUserInfo.h */,
				9AACCE101941278D00257408 /* GTLBloggerPostPerUserInfo.m */,
				9AACCE111941278D00257408 /* GTLBloggerPostUserInfo.h */,
				9AACCE121941278D00257408 /* GTLBloggerPostUserInfo.m */,
				9AACCE131941278D00257408 /* GTLBloggerPostUserInfosList.h */,
				9AACCE141941278D00257408 /* GTLBloggerPostUserInfosList.m */,
				9AACCE151941278D00257408 /* GTLBloggerUser.h */,
				9AACCE161941278D00257408 /* GTLBloggerUser.m */,
				9AACCE171941278D00257408 /* GTLQueryBlogger.h */,
				9AACCE181941278D00257408 /* GTLQueryBlogger.m */,
				9AACCE191941278D00257408 /* GTLServiceBlogger.h */,
				9AACCE1A1941278D00257408 /* GTLServiceBlogger.m */,
			);
			path = Sources;
			sourceTree = "<group>";
		};
		9AACCE1B1941278D00257408 /* Utilities */ = {
			isa = PBXGroup;
			children = (
				9AACCE1C1941278D00257408 /* GTLBase64.h */,
				9AACCE1D1941278D00257408 /* GTLBase64.m */,
				9AACCE1E1941278D00257408 /* GTLFramework.h */,
				9AACCE1F1941278D00257408 /* GTLFramework.m */,
				9AACCE201941278D00257408 /* GTLJSONParser.h */,
				9AACCE211941278D00257408 /* GTLJSONParser.m */,
				9AACCE221941278D00257408 /* GTLTargetNamespace.h */,
				9AACCE231941278D00257408 /* GTLUtilities.h */,
				9AACCE241941278D00257408 /* GTLUtilities.m */,
			);
			path = Utilities;
			sourceTree = "<group>";
		};
/* End PBXGroup section */

/* Begin PBXHeadersBuildPhase section */
		9A0D1907194FA63600DE613F /* Headers */ = {
			isa = PBXHeadersBuildPhase;
			buildActionMask = 2147483647;
			files = (
				9A0D1908194FA64700DE613F /* GTMGatherInputStream.h in Headers */,
				9A0D190A194FA64700DE613F /* GTMHTTPFetcher.h in Headers */,
				9A0D190C194FA64700DE613F /* GTMHTTPFetcherLogging.h in Headers */,
				9A0D190E194FA64700DE613F /* GTMHTTPFetcherLogViewController.h in Headers */,
				9A0D1910194FA64700DE613F /* GTMHTTPFetcherService.h in Headers */,
				9A0D1912194FA64700DE613F /* GTMHTTPFetchHistory.h in Headers */,
				9A0D1914194FA64700DE613F /* GTMHTTPUploadFetcher.h in Headers */,
				9A0D1916194FA64700DE613F /* GTMMIMEDocument.h in Headers */,
				9A0D1918194FA64700DE613F /* GTMReadMonitorInputStream.h in Headers */,
				9A0D1928194FA64800DE613F /* GTLDefines.h in Headers */,
				9A0D1929194FA64800DE613F /* GTLClientLoginAuthentication.h in Headers */,
				9A0D192B194FA64800DE613F /* GTMOAuth2Authentication.h in Headers */,
				9A0D192D194FA64800DE613F /* GTMOAuth2SignIn.h in Headers */,
				9A0D1930194FA64800DE613F /* GTMOAuth2ViewControllerTouch.h in Headers */,
				9A0D1933194FA64800DE613F /* GTLBatchQuery.h in Headers */,
				9A0D1935194FA64900DE613F /* GTLBatchResult.h in Headers */,
				9A0D1937194FA64900DE613F /* GTLDateTime.h in Headers */,
				9A0D1939194FA64900DE613F /* GTLErrorObject.h in Headers */,
				9A0D193B194FA64900DE613F /* GTLObject.h in Headers */,
				9A0D193D194FA64900DE613F /* GTLQuery.h in Headers */,
				9A0D193F194FA64900DE613F /* GTLRuntimeCommon.h in Headers */,
				9A0D1941194FA64900DE613F /* GTLService.h in Headers */,
				9A0D1943194FA64A00DE613F /* GTLUploadParameters.h in Headers */,
				9A0D1945194FA64A00DE613F /* GTLBlogger.h in Headers */,
				9A0D1946194FA64A00DE613F /* GTLBloggerBlog.h in Headers */,
				9A0D1948194FA64A00DE613F /* GTLBloggerBlogList.h in Headers */,
				9A0D194A194FA64A00DE613F /* GTLBloggerBlogPerUserInfo.h in Headers */,
				9A0D194C194FA64A00DE613F /* GTLBloggerBlogUserInfo.h in Headers */,
				9A0D194E194FA64A00DE613F /* GTLBloggerComment.h in Headers */,
				9A0D1950194FA64B00DE613F /* GTLBloggerCommentList.h in Headers */,
				9A0D1952194FA64B00DE613F /* GTLBloggerConstants.h in Headers */,
				9A0D1954194FA64B00DE613F /* GTLBloggerPage.h in Headers */,
				9A0D1956194FA64B00DE613F /* GTLBloggerPageList.h in Headers */,
				9A0D1958194FA64B00DE613F /* GTLBloggerPageviews.h in Headers */,
				9A0D195A194FA64C00DE613F /* GTLBloggerPost.h in Headers */,
				9A0D195C194FA64C00DE613F /* GTLBloggerPostList.h in Headers */,
				9A0D195E194FA64C00DE613F /* GTLBloggerPostPerUserInfo.h in Headers */,
				9A0D1960194FA64C00DE613F /* GTLBloggerPostUserInfo.h in Headers */,
				9A0D1962194FA64C00DE613F /* GTLBloggerPostUserInfosList.h in Headers */,
				9A0D1964194FA64D00DE613F /* GTLBloggerUser.h in Headers */,
				9A0D1966194FA64D00DE613F /* GTLQueryBlogger.h in Headers */,
				9A0D1968194FA64D00DE613F /* GTLServiceBlogger.h in Headers */,
				9A0D196A194FA64D00DE613F /* GTLBase64.h in Headers */,
				9A0D196C194FA64E00DE613F /* GTLFramework.h in Headers */,
				9A0D196E194FA64E00DE613F /* GTLJSONParser.h in Headers */,
				9A0D1970194FA64E00DE613F /* GTLTargetNamespace.h in Headers */,
				9A0D1971194FA64E00DE613F /* GTLUtilities.h in Headers */,
				9A0D1973194FA64F00DE613F /* GoogleBlogger.h in Headers */,
				9A0D1977194FA64F00DE613F /* GoogleBlogger1.h in Headers */,
			);
			runOnlyForDeploymentPostprocessing = 0;
		};
/* End PBXHeadersBuildPhase section */

/* Begin PBXNativeTarget section */
		9A63E36219424FC30093907E /* GoogleBlogger */ = {
			isa = PBXNativeTarget;
			buildConfigurationList = 9A63E37419424FC30093907E /* Build configuration list for PBXNativeTarget "GoogleBlogger" */;
			buildPhases = (
				9A63E35F19424FC30093907E /* Sources */,
				9A63E36019424FC30093907E /* Frameworks */,
				9A63E36119424FC30093907E /* CopyFiles */,
				9A0D1907194FA63600DE613F /* Headers */,
			);
			buildRules = (
			);
			dependencies = (
			);
			name = GoogleBlogger;
			productName = GoogleBlogger1;
			productReference = 9A63E36319424FC30093907E /* libGoogleBlogger.a */;
			productType = "com.apple.product-type.library.static";
		};
		9A63E36C19424FC30093907E /* GoogleBlogger1Tests */ = {
			isa = PBXNativeTarget;
			buildConfigurationList = 9A63E37719424FC30093907E /* Build configuration list for PBXNativeTarget "GoogleBlogger1Tests" */;
			buildPhases = (
				9A63E36919424FC30093907E /* Sources */,
				9A63E36A19424FC30093907E /* Frameworks */,
				9A63E36B19424FC30093907E /* Resources */,
			);
			buildRules = (
			);
			dependencies = (
				9A63E37019424FC30093907E /* PBXTargetDependency */,
			);
			name = GoogleBlogger1Tests;
			productName = GoogleBlogger1Tests;
			productReference = 9A63E36D19424FC30093907E /* GoogleBlogger1Tests.xctest */;
			productType = "com.apple.product-type.bundle.unit-test";
		};
		9AACCD94194126D300257408 /* GoogleBloggerTests */ = {
			isa = PBXNativeTarget;
			buildConfigurationList = 9AACCDA3194126D300257408 /* Build configuration list for PBXNativeTarget "GoogleBloggerTests" */;
			buildPhases = (
				9AACCD91194126D300257408 /* Sources */,
				9AACCD92194126D300257408 /* Frameworks */,
				9AACCD93194126D300257408 /* Resources */,
			);
			buildRules = (
			);
			dependencies = (
			);
			name = GoogleBloggerTests;
			productName = GoogleBloggerTests;
			productReference = 9AACCD95194126D300257408 /* GoogleBloggerTests.xctest */;
			productType = "com.apple.product-type.bundle.unit-test";
		};
/* End PBXNativeTarget section */

/* Begin PBXProject section */
		9AACCD81194126D300257408 /* Project object */ = {
			isa = PBXProject;
			attributes = {
				LastUpgradeCheck = 0600;
				ORGANIZATIONNAME = BassBlog;
				TargetAttributes = {
					9A63E36219424FC30093907E = {
						CreatedOnToolsVersion = 6.0;
					};
					9A63E36C19424FC30093907E = {
						CreatedOnToolsVersion = 6.0;
						TestTargetID = 9A63E36219424FC30093907E;
					};
					9AACCD94194126D300257408 = {
						CreatedOnToolsVersion = 6.0;
						TestTargetID = 9AACCD89194126D300257408;
					};
				};
			};
			buildConfigurationList = 9AACCD84194126D300257408 /* Build configuration list for PBXProject "GoogleBlogger" */;
			compatibilityVersion = "Xcode 3.2";
			developmentRegion = English;
			hasScannedForEncodings = 0;
			knownRegions = (
				en,
			);
			mainGroup = 9AACCD80194126D300257408;
			productRefGroup = 9AACCD8B194126D300257408 /* Products */;
			projectDirPath = "";
			projectRoot = "";
			targets = (
				9AACCD94194126D300257408 /* GoogleBloggerTests */,
				9A63E36219424FC30093907E /* GoogleBlogger */,
				9A63E36C19424FC30093907E /* GoogleBlogger1Tests */,
			);
		};
/* End PBXProject section */

/* Begin PBXResourcesBuildPhase section */
		9A63E36B19424FC30093907E /* Resources */ = {
			isa = PBXResourcesBuildPhase;
			buildActionMask = 2147483647;
			files = (
			);
			runOnlyForDeploymentPostprocessing = 0;
		};
		9AACCD93194126D300257408 /* Resources */ = {
			isa = PBXResourcesBuildPhase;
			buildActionMask = 2147483647;
			files = (
			);
			runOnlyForDeploymentPostprocessing = 0;
		};
/* End PBXResourcesBuildPhase section */

/* Begin PBXSourcesBuildPhase section */
		9A63E35F19424FC30093907E /* Sources */ = {
			isa = PBXSourcesBuildPhase;
			buildActionMask = 2147483647;
			files = (
				9A63E37A194250360093907E /* GTLDefines.h in Sources */,
				9A63E39C194250360093907E /* GTLClientLoginAuthentication.h in Sources */,
				9A63E39D194250360093907E /* GTLClientLoginAuthentication.m in Sources */,
				9A0D18FD194FA22B00DE613F /* GTMHTTPServer.m in Sources */,
				9A63E39E194250360093907E /* GTMOAuth2Authentication.h in Sources */,
				9A63E39F194250360093907E /* GTMOAuth2Authentication.m in Sources */,
				9A63E3A0194250360093907E /* GTMOAuth2SignIn.h in Sources */,
				9A63E3A1194250360093907E /* GTMOAuth2SignIn.m in Sources */,
				9A63E3A6194250360093907E /* ReleaseNotes.txt in Sources */,
				9A63E3A7194250360093907E /* GTMOAuth2ViewControllerTouch.h in Sources */,
				9A63E3A8194250360093907E /* GTMOAuth2ViewControllerTouch.m in Sources */,
				9A63E3AA194250360093907E /* GTLBatchQuery.h in Sources */,
				9A63E3AB194250360093907E /* GTLBatchQuery.m in Sources */,
				9A63E3AC194250360093907E /* GTLBatchResult.h in Sources */,
				9A63E3AD194250360093907E /* GTLBatchResult.m in Sources */,
				9A63E3AE194250360093907E /* GTLDateTime.h in Sources */,
				9A63E3AF194250360093907E /* GTLDateTime.m in Sources */,
				9A63E3B0194250360093907E /* GTLErrorObject.h in Sources */,
				9A63E3B1194250360093907E /* GTLErrorObject.m in Sources */,
				9A63E3B2194250360093907E /* GTLObject.h in Sources */,
				9A63E3B3194250360093907E /* GTLObject.m in Sources */,
				9A63E3B4194250360093907E /* GTLQuery.h in Sources */,
				9A63E3B5194250360093907E /* GTLQuery.m in Sources */,
				9A63E3B6194250360093907E /* GTLRuntimeCommon.h in Sources */,
				9A63E3B7194250360093907E /* GTLRuntimeCommon.m in Sources */,
				9A63E3B8194250360093907E /* GTLService.h in Sources */,
				9A63E3B9194250360093907E /* GTLService.m in Sources */,
				9A63E3BA194250360093907E /* GTLUploadParameters.h in Sources */,
				9A0D18F6194FA22B00DE613F /* GTMReadMonitorInputStream.m in Sources */,
				9A63E3BB194250360093907E /* GTLUploadParameters.m in Sources */,
				9A63E3BC194250360093907E /* GTLBlogger.h in Sources */,
				9A63E3BD194250360093907E /* GTLBloggerBlog.h in Sources */,
				9A63E3BE194250360093907E /* GTLBloggerBlog.m in Sources */,
				9A63E3BF194250360093907E /* GTLBloggerBlogList.h in Sources */,
				9A0D18F2194FA22B00DE613F /* GTMHTTPFetcherService.m in Sources */,
				9A0D18F1194FA22B00DE613F /* GTMHTTPFetcherLogViewController.m in Sources */,
				9A63E3C0194250360093907E /* GTLBloggerBlogList.m in Sources */,
				9A63E3C1194250360093907E /* GTLBloggerBlogPerUserInfo.h in Sources */,
				9A63E3C2194250360093907E /* GTLBloggerBlogPerUserInfo.m in Sources */,
				9A63E3C3194250360093907E /* GTLBloggerBlogUserInfo.h in Sources */,
				9A63E3C4194250360093907E /* GTLBloggerBlogUserInfo.m in Sources */,
				9A63E3C5194250360093907E /* GTLBloggerComment.h in Sources */,
				9A63E3C6194250360093907E /* GTLBloggerComment.m in Sources */,
				9A63E3C7194250360093907E /* GTLBloggerCommentList.h in Sources */,
				9A63E3C8194250360093907E /* GTLBloggerCommentList.m in Sources */,
				9A63E3C9194250360093907E /* GTLBloggerConstants.h in Sources */,
				9A63E3CA194250360093907E /* GTLBloggerConstants.m in Sources */,
				9A63E3CB194250360093907E /* GTLBloggerPage.h in Sources */,
				9A63E3CC194250360093907E /* GTLBloggerPage.m in Sources */,
				9A63E3CD194250360093907E /* GTLBloggerPageList.h in Sources */,
				9A63E3CE194250360093907E /* GTLBloggerPageList.m in Sources */,
				9A0D18EE194FA22B00DE613F /* GTMGatherInputStream.m in Sources */,
				9A63E3CF194250360093907E /* GTLBloggerPageviews.h in Sources */,
				9A63E3D0194250360093907E /* GTLBloggerPageviews.m in Sources */,
				9A63E3D1194250360093907E /* GTLBloggerPost.h in Sources */,
				9A63E3D2194250360093907E /* GTLBloggerPost.m in Sources */,
				9A0D18F0194FA22B00DE613F /* GTMHTTPFetcherLogging.m in Sources */,
				9A63E3D3194250360093907E /* GTLBloggerPostList.h in Sources */,
				9A63E3D4194250360093907E /* GTLBloggerPostList.m in Sources */,
				9A63E3D5194250370093907E /* GTLBloggerPostPerUserInfo.h in Sources */,
				9A63E3D6194250370093907E /* GTLBloggerPostPerUserInfo.m in Sources */,
				9A63E3D7194250370093907E /* GTLBloggerPostUserInfo.h in Sources */,
				9A63E3D8194250370093907E /* GTLBloggerPostUserInfo.m in Sources */,
				9A0D18EF194FA22B00DE613F /* GTMHTTPFetcher.m in Sources */,
				9A63E3D9194250370093907E /* GTLBloggerPostUserInfosList.h in Sources */,
				9A0D18F5194FA22B00DE613F /* GTMMIMEDocument.m in Sources */,
				9A63E3DA194250370093907E /* GTLBloggerPostUserInfosList.m in Sources */,
				9A63E3DB194250370093907E /* GTLBloggerUser.h in Sources */,
				9A63E3DC194250370093907E /* GTLBloggerUser.m in Sources */,
				9A0D18F4194FA22B00DE613F /* GTMHTTPUploadFetcher.m in Sources */,
				9A63E3DD194250370093907E /* GTLQueryBlogger.h in Sources */,
				9A63E3DE194250370093907E /* GTLQueryBlogger.m in Sources */,
				9A63E3DF194250370093907E /* GTLServiceBlogger.h in Sources */,
				9A63E3E0194250370093907E /* GTLServiceBlogger.m in Sources */,
				9A63E3E1194250370093907E /* GTLBase64.h in Sources */,
				9A63E3E2194250370093907E /* GTLBase64.m in Sources */,
				9A63E3E3194250370093907E /* GTLFramework.h in Sources */,
				9A63E3E4194250370093907E /* GTLFramework.m in Sources */,
				9A63E3E5194250370093907E /* GTLJSONParser.h in Sources */,
				9A63E3E6194250370093907E /* GTLJSONParser.m in Sources */,
				9A63E3E7194250370093907E /* GTLTargetNamespace.h in Sources */,
				9A0D18F3194FA22B00DE613F /* GTMHTTPFetchHistory.m in Sources */,
				9A63E3E8194250370093907E /* GTLUtilities.h in Sources */,
				9A63E3E9194250370093907E /* GTLUtilities.m in Sources */,
				9A63E3EA194250370093907E /* GoogleBlogger.h in Sources */,
				9A63E3EB194250370093907E /* Info.plist in Sources */,
				9A63E3ED194250370093907E /* Info.plist in Sources */,
				9A63E3F0194250370093907E /* Info.plist in Sources */,
			);
			runOnlyForDeploymentPostprocessing = 0;
		};
		9A63E36919424FC30093907E /* Sources */ = {
			isa = PBXSourcesBuildPhase;
			buildActionMask = 2147483647;
			files = (
			);
			runOnlyForDeploymentPostprocessing = 0;
		};
		9AACCD91194126D300257408 /* Sources */ = {
			isa = PBXSourcesBuildPhase;
			buildActionMask = 2147483647;
			files = (
				9AACCD9D194126D300257408 /* GoogleBloggerTests.m in Sources */,
			);
			runOnlyForDeploymentPostprocessing = 0;
		};
/* End PBXSourcesBuildPhase section */

/* Begin PBXTargetDependency section */
		9A63E37019424FC30093907E /* PBXTargetDependency */ = {
			isa = PBXTargetDependency;
			target = 9A63E36219424FC30093907E /* GoogleBlogger */;
			targetProxy = 9A63E36F19424FC30093907E /* PBXContainerItemProxy */;
		};
/* End PBXTargetDependency section */

/* Begin XCBuildConfiguration section */
		9A63E37519424FC30093907E /* Debug */ = {
			isa = XCBuildConfiguration;
			buildSettings = {
				ALWAYS_SEARCH_USER_PATHS = YES;
				CLANG_ENABLE_OBJC_ARC = NO;
				GCC_PREPROCESSOR_DEFINITIONS = (
					"DEBUG=1",
					"$(inherited)",
				);
				LIBRARY_SEARCH_PATHS = (
					"$(inherited)",
					"$(PROJECT_DIR)/GoogleBlogger/HTTPFetcher/build/GTMHTTPFetcher.build/Release-iphonesimulator/GTMHTTPFetcherLib.build/Objects-normal/i386",
					"$(PROJECT_DIR)/GoogleBlogger/HTTPFetcher/build/GTMHTTPFetcher.build/Release-iphonesimulator/GTMHTTPFetcherLib.build/Objects-normal/x86_64",
					"$(PROJECT_DIR)/GoogleBlogger/HTTPFetcher/build/Release-iphonesimulator",
				);
				METAL_ENABLE_DEBUG_INFO = YES;
				OTHER_CFLAGS = "-fembed-bitcode";
				OTHER_LDFLAGS = "-ObjC";
				PRODUCT_NAME = "$(TARGET_NAME)";
				SKIP_INSTALL = YES;
				USER_HEADER_SEARCH_PATHS = ../;
			};
			name = Debug;
		};
		9A63E37619424FC30093907E /* Release */ = {
			isa = XCBuildConfiguration;
			buildSettings = {
				ALWAYS_SEARCH_USER_PATHS = YES;
				CLANG_ENABLE_OBJC_ARC = NO;
				LIBRARY_SEARCH_PATHS = (
					"$(inherited)",
					"$(PROJECT_DIR)/GoogleBlogger/HTTPFetcher/build/GTMHTTPFetcher.build/Release-iphonesimulator/GTMHTTPFetcherLib.build/Objects-normal/i386",
					"$(PROJECT_DIR)/GoogleBlogger/HTTPFetcher/build/GTMHTTPFetcher.build/Release-iphonesimulator/GTMHTTPFetcherLib.build/Objects-normal/x86_64",
					"$(PROJECT_DIR)/GoogleBlogger/HTTPFetcher/build/Release-iphonesimulator",
				);
				METAL_ENABLE_DEBUG_INFO = NO;
				OTHER_CFLAGS = "-fembed-bitcode";
				OTHER_LDFLAGS = "-ObjC";
				PRODUCT_NAME = "$(TARGET_NAME)";
				SKIP_INSTALL = YES;
				USER_HEADER_SEARCH_PATHS = ../;
			};
			name = Release;
		};
		9A63E37819424FC30093907E /* Debug */ = {
			isa = XCBuildConfiguration;
			buildSettings = {
				ALWAYS_SEARCH_USER_PATHS = NO;
				CLANG_ENABLE_OBJC_ARC = YES;
				FRAMEWORK_SEARCH_PATHS = (
					"$(SDKROOT)/Developer/Library/Frameworks",
					"$(inherited)",
				);
				GCC_PREPROCESSOR_DEFINITIONS = (
					"DEBUG=1",
					"$(inherited)",
				);
				INFOPLIST_FILE = GoogleBlogger1Tests/Info.plist;
				LD_RUNPATH_SEARCH_PATHS = "$(inherited) @executable_path/Frameworks @loader_path/Frameworks";
				METAL_ENABLE_DEBUG_INFO = YES;
				PRODUCT_NAME = "$(TARGET_NAME)";
			};
			name = Debug;
		};
		9A63E37919424FC30093907E /* Release */ = {
			isa = XCBuildConfiguration;
			buildSettings = {
				ALWAYS_SEARCH_USER_PATHS = NO;
				CLANG_ENABLE_OBJC_ARC = YES;
				FRAMEWORK_SEARCH_PATHS = (
					"$(SDKROOT)/Developer/Library/Frameworks",
					"$(inherited)",
				);
				INFOPLIST_FILE = GoogleBlogger1Tests/Info.plist;
				LD_RUNPATH_SEARCH_PATHS = "$(inherited) @executable_path/Frameworks @loader_path/Frameworks";
				METAL_ENABLE_DEBUG_INFO = NO;
				PRODUCT_NAME = "$(TARGET_NAME)";
			};
			name = Release;
		};
		9AACCD9E194126D300257408 /* Debug */ = {
			isa = XCBuildConfiguration;
			buildSettings = {
				ALWAYS_SEARCH_USER_PATHS = YES;
				CLANG_CXX_LANGUAGE_STANDARD = "gnu++0x";
				CLANG_CXX_LIBRARY = "libc++";
				CLANG_ENABLE_MODULES = YES;
				CLANG_ENABLE_OBJC_ARC = NO;
				CLANG_WARN_BOOL_CONVERSION = YES;
				CLANG_WARN_CONSTANT_CONVERSION = YES;
				CLANG_WARN_DIRECT_OBJC_ISA_USAGE = YES_ERROR;
				CLANG_WARN_EMPTY_BODY = YES;
				CLANG_WARN_ENUM_CONVERSION = YES;
				CLANG_WARN_INT_CONVERSION = YES;
				CLANG_WARN_OBJC_ROOT_CLASS = YES_ERROR;
				CLANG_WARN_UNREACHABLE_CODE = YES;
				CLANG_WARN__DUPLICATE_METHOD_MATCH = YES;
				"CODE_SIGN_IDENTITY[sdk=iphoneos*]" = "iPhone Developer";
				COPY_PHASE_STRIP = NO;
				CURRENT_PROJECT_VERSION = 1;
				ENABLE_STRICT_OBJC_MSGSEND = YES;
				GCC_C_LANGUAGE_STANDARD = gnu99;
				GCC_DYNAMIC_NO_PIC = NO;
				GCC_OPTIMIZATION_LEVEL = 0;
				GCC_PREPROCESSOR_DEFINITIONS = (
					"DEBUG=1",
					"$(inherited)",
				);
				GCC_SYMBOLS_PRIVATE_EXTERN = NO;
				GCC_WARN_64_TO_32_BIT_CONVERSION = YES;
				GCC_WARN_ABOUT_RETURN_TYPE = YES_ERROR;
				GCC_WARN_UNDECLARED_SELECTOR = YES;
				GCC_WARN_UNINITIALIZED_AUTOS = YES_AGGRESSIVE;
				GCC_WARN_UNUSED_FUNCTION = YES;
				GCC_WARN_UNUSED_VARIABLE = YES;
				IPHONEOS_DEPLOYMENT_TARGET = 7.0;
				METAL_ENABLE_DEBUG_INFO = YES;
				ONLY_ACTIVE_ARCH = YES;
				SDKROOT = iphoneos;
				TARGETED_DEVICE_FAMILY = "1,2";
				VERSIONING_SYSTEM = "apple-generic";
				VERSION_INFO_PREFIX = "";
			};
			name = Debug;
		};
		9AACCD9F194126D300257408 /* Release */ = {
			isa = XCBuildConfiguration;
			buildSettings = {
				ALWAYS_SEARCH_USER_PATHS = YES;
				CLANG_CXX_LANGUAGE_STANDARD = "gnu++0x";
				CLANG_CXX_LIBRARY = "libc++";
				CLANG_ENABLE_MODULES = YES;
				CLANG_ENABLE_OBJC_ARC = NO;
				CLANG_WARN_BOOL_CONVERSION = YES;
				CLANG_WARN_CONSTANT_CONVERSION = YES;
				CLANG_WARN_DIRECT_OBJC_ISA_USAGE = YES_ERROR;
				CLANG_WARN_EMPTY_BODY = YES;
				CLANG_WARN_ENUM_CONVERSION = YES;
				CLANG_WARN_INT_CONVERSION = YES;
				CLANG_WARN_OBJC_ROOT_CLASS = YES_ERROR;
				CLANG_WARN_UNREACHABLE_CODE = YES;
				CLANG_WARN__DUPLICATE_METHOD_MATCH = YES;
				"CODE_SIGN_IDENTITY[sdk=iphoneos*]" = "iPhone Developer";
				COPY_PHASE_STRIP = YES;
				CURRENT_PROJECT_VERSION = 1;
				ENABLE_NS_ASSERTIONS = NO;
				ENABLE_STRICT_OBJC_MSGSEND = YES;
				GCC_C_LANGUAGE_STANDARD = gnu99;
				GCC_PREPROCESSOR_DEFINITIONS = "GTL_BUILT_AS_FRAMEWORK=1";
				GCC_WARN_64_TO_32_BIT_CONVERSION = YES;
				GCC_WARN_ABOUT_RETURN_TYPE = YES_ERROR;
				GCC_WARN_UNDECLARED_SELECTOR = YES;
				GCC_WARN_UNINITIALIZED_AUTOS = YES_AGGRESSIVE;
				GCC_WARN_UNUSED_FUNCTION = YES;
				GCC_WARN_UNUSED_VARIABLE = YES;
				IPHONEOS_DEPLOYMENT_TARGET = 7.0;
				METAL_ENABLE_DEBUG_INFO = NO;
				SDKROOT = iphoneos;
				TARGETED_DEVICE_FAMILY = "1,2";
				VALIDATE_PRODUCT = YES;
				VERSIONING_SYSTEM = "apple-generic";
				VERSION_INFO_PREFIX = "";
			};
			name = Release;
		};
		9AACCDA4194126D300257408 /* Debug */ = {
			isa = XCBuildConfiguration;
			buildSettings = {
				FRAMEWORK_SEARCH_PATHS = (
					"$(SDKROOT)/Developer/Library/Frameworks",
					"$(inherited)",
				);
				GCC_PREPROCESSOR_DEFINITIONS = (
					"DEBUG=1",
					"$(inherited)",
				);
				INFOPLIST_FILE = GoogleBloggerTests/Info.plist;
				LD_RUNPATH_SEARCH_PATHS = "$(inherited) @executable_path/Frameworks @loader_path/Frameworks";
				METAL_ENABLE_DEBUG_INFO = YES;
				PRODUCT_NAME = "$(TARGET_NAME)";
			};
			name = Debug;
		};
		9AACCDA5194126D300257408 /* Release */ = {
			isa = XCBuildConfiguration;
			buildSettings = {
				FRAMEWORK_SEARCH_PATHS = (
					"$(SDKROOT)/Developer/Library/Frameworks",
					"$(inherited)",
				);
				INFOPLIST_FILE = GoogleBloggerTests/Info.plist;
				LD_RUNPATH_SEARCH_PATHS = "$(inherited) @executable_path/Frameworks @loader_path/Frameworks";
				METAL_ENABLE_DEBUG_INFO = NO;
				PRODUCT_NAME = "$(TARGET_NAME)";
			};
			name = Release;
		};
/* End XCBuildConfiguration section */

/* Begin XCConfigurationList section */
		9A63E37419424FC30093907E /* Build configuration list for PBXNativeTarget "GoogleBlogger" */ = {
			isa = XCConfigurationList;
			buildConfigurations = (
				9A63E37519424FC30093907E /* Debug */,
				9A63E37619424FC30093907E /* Release */,
			);
			defaultConfigurationIsVisible = 0;
			defaultConfigurationName = Release;
		};
		9A63E37719424FC30093907E /* Build configuration list for PBXNativeTarget "GoogleBlogger1Tests" */ = {
			isa = XCConfigurationList;
			buildConfigurations = (
				9A63E37819424FC30093907E /* Debug */,
				9A63E37919424FC30093907E /* Release */,
			);
			defaultConfigurationIsVisible = 0;
			defaultConfigurationName = Release;
		};
		9AACCD84194126D300257408 /* Build configuration list for PBXProject "GoogleBlogger" */ = {
			isa = XCConfigurationList;
			buildConfigurations = (
				9AACCD9E194126D300257408 /* Debug */,
				9AACCD9F194126D300257408 /* Release */,
			);
			defaultConfigurationIsVisible = 0;
			defaultConfigurationName = Release;
		};
		9AACCDA3194126D300257408 /* Build configuration list for PBXNativeTarget "GoogleBloggerTests" */ = {
			isa = XCConfigurationList;
			buildConfigurations = (
				9AACCDA4194126D300257408 /* Debug */,
				9AACCDA5194126D300257408 /* Release */,
			);
			defaultConfigurationIsVisible = 0;
			defaultConfigurationName = Release;
		};
/* End XCConfigurationList section */
	};
	rootObject = 9AACCD81194126D300257408 /* Project object */;
}
